// !$*UTF8*$!
{
	archiveVersion = 1;
	classes = {
	};
	objectVersion = 51;
	objects = {

/* Begin PBXBuildFile section */
		09CD0EF1F14D671860D63DA7 /* Pods_XZKitExample.framework in Frameworks */ = {isa = PBXBuildFile; fileRef = 6D7B7BA1B9E54AE3218E033C /* Pods_XZKitExample.framework */; };
		28C06809224FA6B60011F052 /* TimerButton.swift in Sources */ = {isa = PBXBuildFile; fileRef = 28C06797224FA6B60011F052 /* TimerButton.swift */; };
		28C0680A224FA6B60011F052 /* AlertViewController.swift in Sources */ = {isa = PBXBuildFile; fileRef = 28C06799224FA6B60011F052 /* AlertViewController.swift */; };
		28C0680B224FA6B60011F052 /* ImageColorLevelsViewController.xib in Resources */ = {isa = PBXBuildFile; fileRef = 28C0679A224FA6B60011F052 /* ImageColorLevelsViewController.xib */; };
		28C0680C224FA6B60011F052 /* BubbleViewController.swift in Sources */ = {isa = PBXBuildFile; fileRef = 28C0679B224FA6B60011F052 /* BubbleViewController.swift */; };
		28C0680D224FA6B60011F052 /* SampleCarouselViewController.swift in Sources */ = {isa = PBXBuildFile; fileRef = 28C0679D224FA6B60011F052 /* SampleCarouselViewController.swift */; };
		28C0680E224FA6B60011F052 /* SampleCarouselViewController.xib in Resources */ = {isa = PBXBuildFile; fileRef = 28C0679E224FA6B60011F052 /* SampleCarouselViewController.xib */; };
		28C0680F224FA6B60011F052 /* SampleImageCarouselViewController.swift in Sources */ = {isa = PBXBuildFile; fileRef = 28C0679F224FA6B60011F052 /* SampleImageCarouselViewController.swift */; };
		28C06810224FA6B60011F052 /* XZKitTabBarController.swift in Sources */ = {isa = PBXBuildFile; fileRef = 28C067A0224FA6B60011F052 /* XZKitTabBarController.swift */; };
		28C06812224FA6B60011F052 /* SampleTitleImageViewController.swift in Sources */ = {isa = PBXBuildFile; fileRef = 28C067A5224FA6B60011F052 /* SampleTitleImageViewController.swift */; };
		28C06813224FA6B60011F052 /* SampleTitleImageViewController.xib in Resources */ = {isa = PBXBuildFile; fileRef = 28C067A6224FA6B60011F052 /* SampleTitleImageViewController.xib */; };
		28C06814224FA6B60011F052 /* AdvertisementView.swift in Sources */ = {isa = PBXBuildFile; fileRef = 28C067A9224FA6B60011F052 /* AdvertisementView.swift */; };
		28C06815224FA6B60011F052 /* XZKitModuleListTableViewCell.swift in Sources */ = {isa = PBXBuildFile; fileRef = 28C067AC224FA6B60011F052 /* XZKitModuleListTableViewCell.swift */; };
		28C06816224FA6B60011F052 /* XZKitModuleListTableViewController.swift in Sources */ = {isa = PBXBuildFile; fileRef = 28C067AE224FA6B60011F052 /* XZKitModuleListTableViewController.swift */; };
		28C06817224FA6B60011F052 /* ImageTestViewController.swift in Sources */ = {isa = PBXBuildFile; fileRef = 28C067B0224FA6B60011F052 /* ImageTestViewController.swift */; };
		28C06818224FA6B60011F052 /* APIConcurrencyPolicyViewController.swift in Sources */ = {isa = PBXBuildFile; fileRef = 28C067B2224FA6B60011F052 /* APIConcurrencyPolicyViewController.swift */; };
		28C06819224FA6B60011F052 /* APIManagerViewController.swift in Sources */ = {isa = PBXBuildFile; fileRef = 28C067B3224FA6B60011F052 /* APIManagerViewController.swift */; };
		28C0681A224FA6B60011F052 /* ExampleAPIManager.swift in Sources */ = {isa = PBXBuildFile; fileRef = 28C067B4224FA6B60011F052 /* ExampleAPIManager.swift */; };
		28C0681B224FA6B60011F052 /* BubbleView.swift in Sources */ = {isa = PBXBuildFile; fileRef = 28C067B5224FA6B60011F052 /* BubbleView.swift */; };
		28C0681C224FA6B60011F052 /* SampleThemeViewController.swift in Sources */ = {isa = PBXBuildFile; fileRef = 28C067B7224FA6B60011F052 /* SampleThemeViewController.swift */; };
		28C0681D224FA6B60011F052 /* ThemeView.swift in Sources */ = {isa = PBXBuildFile; fileRef = 28C067B8224FA6B60011F052 /* ThemeView.swift */; };
		28C0681E224FA6B60011F052 /* Theme.swift in Sources */ = {isa = PBXBuildFile; fileRef = 28C067B9224FA6B60011F052 /* Theme.swift */; };
		28C0681F224FA6B60011F052 /* SampleThemeViewController.xib in Resources */ = {isa = PBXBuildFile; fileRef = 28C067BA224FA6B60011F052 /* SampleThemeViewController.xib */; };
		28C06820224FA6B60011F052 /* SampleImageViewController.swift in Sources */ = {isa = PBXBuildFile; fileRef = 28C067BC224FA6B60011F052 /* SampleImageViewController.swift */; };
		28C06821224FA6B60011F052 /* SampleImageViewController.xib in Resources */ = {isa = PBXBuildFile; fileRef = 28C067BD224FA6B60011F052 /* SampleImageViewController.xib */; };
		28C06822224FA6B60011F052 /* SampleContentStatusViewController.xib in Resources */ = {isa = PBXBuildFile; fileRef = 28C067BF224FA6B60011F052 /* SampleContentStatusViewController.xib */; };
		28C06823224FA6B60011F052 /* SampleContentStatusViewController.swift in Sources */ = {isa = PBXBuildFile; fileRef = 28C067C0224FA6B60011F052 /* SampleContentStatusViewController.swift */; };
		28C06824224FA6B60011F052 /* FlowLayoutCollectionViewController.swift in Sources */ = {isa = PBXBuildFile; fileRef = 28C067C2224FA6B60011F052 /* FlowLayoutCollectionViewController.swift */; };
		28C06825224FA6B60011F052 /* FlowLayoutSettingsController.swift in Sources */ = {isa = PBXBuildFile; fileRef = 28C067C3224FA6B60011F052 /* FlowLayoutSettingsController.swift */; };
		28C06826224FA6B60011F052 /* Test.m in Sources */ = {isa = PBXBuildFile; fileRef = 28C067C4224FA6B60011F052 /* Test.m */; };
		28C06827224FA6B60011F052 /* SegmentedBarController.swift in Sources */ = {isa = PBXBuildFile; fileRef = 28C067C5224FA6B60011F052 /* SegmentedBarController.swift */; };
		28C06828224FA6B60011F052 /* DataCryptorSampleViewController.xib in Resources */ = {isa = PBXBuildFile; fileRef = 28C067C7224FA6B60011F052 /* DataCryptorSampleViewController.xib */; };
		28C06829224FA6B60011F052 /* DataCryptor.storyboard in Resources */ = {isa = PBXBuildFile; fileRef = 28C067C8224FA6B60011F052 /* DataCryptor.storyboard */; };
		28C0682A224FA6B60011F052 /* DataCryptorSampleViewController.swift in Sources */ = {isa = PBXBuildFile; fileRef = 28C067C9224FA6B60011F052 /* DataCryptorSampleViewController.swift */; };
		28C0683B224FA6B60011F052 /* AppDelegate.swift in Sources */ = {isa = PBXBuildFile; fileRef = 28C067F8224FA6B60011F052 /* AppDelegate.swift */; };
		28C0683C224FA6B60011F052 /* LaunchViewController.swift in Sources */ = {isa = PBXBuildFile; fileRef = 28C067F9224FA6B60011F052 /* LaunchViewController.swift */; };
		28C0683D224FA6B60011F052 /* NavigationBar.swift in Sources */ = {isa = PBXBuildFile; fileRef = 28C067FB224FA6B60011F052 /* NavigationBar.swift */; };
		28C0683E224FA6B60011F052 /* Sample1ViewController.swift in Sources */ = {isa = PBXBuildFile; fileRef = 28C067FE224FA6B60011F052 /* Sample1ViewController.swift */; };
		28C0683F224FA6B60011F052 /* Sample1ViewController.xib in Resources */ = {isa = PBXBuildFile; fileRef = 28C067FF224FA6B60011F052 /* Sample1ViewController.xib */; };
		28C06840224FA6B60011F052 /* XZKitViewController.swift in Sources */ = {isa = PBXBuildFile; fileRef = 28C06800224FA6B60011F052 /* XZKitViewController.swift */; };
		28C06841224FA6B60011F052 /* NavigationController.swift in Sources */ = {isa = PBXBuildFile; fileRef = 28C06801224FA6B60011F052 /* NavigationController.swift */; };
		28C06842224FA6B60011F052 /* TabBarController.swift in Sources */ = {isa = PBXBuildFile; fileRef = 28C06802224FA6B60011F052 /* TabBarController.swift */; };
		28C06843224FA6B60011F052 /* ColorTestCollectionViewController.swift in Sources */ = {isa = PBXBuildFile; fileRef = 28C06804224FA6B60011F052 /* ColorTestCollectionViewController.swift */; };
		28C06844224FA6B60011F052 /* AVFoundation.swift in Sources */ = {isa = PBXBuildFile; fileRef = 28C06805224FA6B60011F052 /* AVFoundation.swift */; };
		28C06845224FA6B60011F052 /* ImageColorLevelsViewController.swift in Sources */ = {isa = PBXBuildFile; fileRef = 28C06806224FA6B60011F052 /* ImageColorLevelsViewController.swift */; };
		28C06846224FA6B60011F052 /* SegmentedBar.swift in Sources */ = {isa = PBXBuildFile; fileRef = 28C06807224FA6B60011F052 /* SegmentedBar.swift */; };
		28C06847224FA6B60011F052 /* ProgressSliderViewController.swift in Sources */ = {isa = PBXBuildFile; fileRef = 28C06808224FA6B60011F052 /* ProgressSliderViewController.swift */; };
		28C06850224FA6C50011F052 /* Localizable.strings in Resources */ = {isa = PBXBuildFile; fileRef = 28C06849224FA6C50011F052 /* Localizable.strings */; };
		28C06851224FA6C50011F052 /* Theme.plist in Resources */ = {isa = PBXBuildFile; fileRef = 28C0684B224FA6C50011F052 /* Theme.plist */; };
		28C06852224FA6C50011F052 /* Images.xcassets in Resources */ = {isa = PBXBuildFile; fileRef = 28C0684C224FA6C50011F052 /* Images.xcassets */; };
		28C06853224FA6C50011F052 /* LaunchScreen.xib in Resources */ = {isa = PBXBuildFile; fileRef = 28C0684E224FA6C50011F052 /* LaunchScreen.xib */; };
/* End PBXBuildFile section */

/* Begin PBXFileReference section */
		28C06781224FA6160011F052 /* XZKitExample.app */ = {isa = PBXFileReference; explicitFileType = wrapper.application; includeInIndex = 0; path = XZKitExample.app; sourceTree = BUILT_PRODUCTS_DIR; };
		28C06790224FA6170011F052 /* Info.plist */ = {isa = PBXFileReference; lastKnownFileType = text.plist.xml; path = Info.plist; sourceTree = "<group>"; };
		28C06797224FA6B60011F052 /* TimerButton.swift */ = {isa = PBXFileReference; fileEncoding = 4; lastKnownFileType = sourcecode.swift; path = TimerButton.swift; sourceTree = "<group>"; };
		28C06799224FA6B60011F052 /* AlertViewController.swift */ = {isa = PBXFileReference; fileEncoding = 4; lastKnownFileType = sourcecode.swift; path = AlertViewController.swift; sourceTree = "<group>"; };
		28C0679A224FA6B60011F052 /* ImageColorLevelsViewController.xib */ = {isa = PBXFileReference; fileEncoding = 4; lastKnownFileType = file.xib; path = ImageColorLevelsViewController.xib; sourceTree = "<group>"; };
		28C0679B224FA6B60011F052 /* BubbleViewController.swift */ = {isa = PBXFileReference; fileEncoding = 4; lastKnownFileType = sourcecode.swift; path = BubbleViewController.swift; sourceTree = "<group>"; };
		28C0679D224FA6B60011F052 /* SampleCarouselViewController.swift */ = {isa = PBXFileReference; fileEncoding = 4; lastKnownFileType = sourcecode.swift; path = SampleCarouselViewController.swift; sourceTree = "<group>"; };
		28C0679E224FA6B60011F052 /* SampleCarouselViewController.xib */ = {isa = PBXFileReference; fileEncoding = 4; lastKnownFileType = file.xib; path = SampleCarouselViewController.xib; sourceTree = "<group>"; };
		28C0679F224FA6B60011F052 /* SampleImageCarouselViewController.swift */ = {isa = PBXFileReference; fileEncoding = 4; lastKnownFileType = sourcecode.swift; path = SampleImageCarouselViewController.swift; sourceTree = "<group>"; };
		28C067A0224FA6B60011F052 /* XZKitTabBarController.swift */ = {isa = PBXFileReference; fileEncoding = 4; lastKnownFileType = sourcecode.swift; path = XZKitTabBarController.swift; sourceTree = "<group>"; };
		28C067A2224FA6B60011F052 /* XZWebView.h */ = {isa = PBXFileReference; fileEncoding = 4; lastKnownFileType = sourcecode.c.h; path = XZWebView.h; sourceTree = "<group>"; };
		28C067A3224FA6B60011F052 /* XZWebView.m */ = {isa = PBXFileReference; fileEncoding = 4; lastKnownFileType = sourcecode.c.objc; path = XZWebView.m; sourceTree = "<group>"; };
		28C067A5224FA6B60011F052 /* SampleTitleImageViewController.swift */ = {isa = PBXFileReference; fileEncoding = 4; lastKnownFileType = sourcecode.swift; path = SampleTitleImageViewController.swift; sourceTree = "<group>"; };
		28C067A6224FA6B60011F052 /* SampleTitleImageViewController.xib */ = {isa = PBXFileReference; fileEncoding = 4; lastKnownFileType = file.xib; path = SampleTitleImageViewController.xib; sourceTree = "<group>"; };
		28C067A7224FA6B60011F052 /* Test.h */ = {isa = PBXFileReference; fileEncoding = 4; lastKnownFileType = sourcecode.c.h; path = Test.h; sourceTree = "<group>"; };
		28C067A8224FA6B60011F052 /* XZKit_Example-Bridging-Header.h */ = {isa = PBXFileReference; fileEncoding = 4; lastKnownFileType = sourcecode.c.h; path = "XZKit_Example-Bridging-Header.h"; sourceTree = "<group>"; };
		28C067A9224FA6B60011F052 /* AdvertisementView.swift */ = {isa = PBXFileReference; fileEncoding = 4; lastKnownFileType = sourcecode.swift; path = AdvertisementView.swift; sourceTree = "<group>"; };
		28C067AC224FA6B60011F052 /* XZKitModuleListTableViewCell.swift */ = {isa = PBXFileReference; fileEncoding = 4; lastKnownFileType = sourcecode.swift; path = XZKitModuleListTableViewCell.swift; sourceTree = "<group>"; };
		28C067AE224FA6B60011F052 /* XZKitModuleListTableViewController.swift */ = {isa = PBXFileReference; fileEncoding = 4; lastKnownFileType = sourcecode.swift; path = XZKitModuleListTableViewController.swift; sourceTree = "<group>"; };
		28C067B0224FA6B60011F052 /* ImageTestViewController.swift */ = {isa = PBXFileReference; fileEncoding = 4; lastKnownFileType = sourcecode.swift; path = ImageTestViewController.swift; sourceTree = "<group>"; };
		28C067B2224FA6B60011F052 /* APIConcurrencyPolicyViewController.swift */ = {isa = PBXFileReference; fileEncoding = 4; lastKnownFileType = sourcecode.swift; path = APIConcurrencyPolicyViewController.swift; sourceTree = "<group>"; };
		28C067B3224FA6B60011F052 /* APIManagerViewController.swift */ = {isa = PBXFileReference; fileEncoding = 4; lastKnownFileType = sourcecode.swift; path = APIManagerViewController.swift; sourceTree = "<group>"; };
		28C067B4224FA6B60011F052 /* ExampleAPIManager.swift */ = {isa = PBXFileReference; fileEncoding = 4; lastKnownFileType = sourcecode.swift; path = ExampleAPIManager.swift; sourceTree = "<group>"; };
		28C067B5224FA6B60011F052 /* BubbleView.swift */ = {isa = PBXFileReference; fileEncoding = 4; lastKnownFileType = sourcecode.swift; path = BubbleView.swift; sourceTree = "<group>"; };
		28C067B7224FA6B60011F052 /* SampleThemeViewController.swift */ = {isa = PBXFileReference; fileEncoding = 4; lastKnownFileType = sourcecode.swift; path = SampleThemeViewController.swift; sourceTree = "<group>"; };
		28C067B8224FA6B60011F052 /* ThemeView.swift */ = {isa = PBXFileReference; fileEncoding = 4; lastKnownFileType = sourcecode.swift; path = ThemeView.swift; sourceTree = "<group>"; };
		28C067B9224FA6B60011F052 /* Theme.swift */ = {isa = PBXFileReference; fileEncoding = 4; lastKnownFileType = sourcecode.swift; path = Theme.swift; sourceTree = "<group>"; };
		28C067BA224FA6B60011F052 /* SampleThemeViewController.xib */ = {isa = PBXFileReference; fileEncoding = 4; lastKnownFileType = file.xib; path = SampleThemeViewController.xib; sourceTree = "<group>"; };
		28C067BC224FA6B60011F052 /* SampleImageViewController.swift */ = {isa = PBXFileReference; fileEncoding = 4; lastKnownFileType = sourcecode.swift; path = SampleImageViewController.swift; sourceTree = "<group>"; };
		28C067BD224FA6B60011F052 /* SampleImageViewController.xib */ = {isa = PBXFileReference; fileEncoding = 4; lastKnownFileType = file.xib; path = SampleImageViewController.xib; sourceTree = "<group>"; };
		28C067BF224FA6B60011F052 /* SampleContentStatusViewController.xib */ = {isa = PBXFileReference; fileEncoding = 4; lastKnownFileType = file.xib; path = SampleContentStatusViewController.xib; sourceTree = "<group>"; };
		28C067C0224FA6B60011F052 /* SampleContentStatusViewController.swift */ = {isa = PBXFileReference; fileEncoding = 4; lastKnownFileType = sourcecode.swift; path = SampleContentStatusViewController.swift; sourceTree = "<group>"; };
		28C067C2224FA6B60011F052 /* FlowLayoutCollectionViewController.swift */ = {isa = PBXFileReference; fileEncoding = 4; lastKnownFileType = sourcecode.swift; path = FlowLayoutCollectionViewController.swift; sourceTree = "<group>"; };
		28C067C3224FA6B60011F052 /* FlowLayoutSettingsController.swift */ = {isa = PBXFileReference; fileEncoding = 4; lastKnownFileType = sourcecode.swift; path = FlowLayoutSettingsController.swift; sourceTree = "<group>"; };
		28C067C4224FA6B60011F052 /* Test.m */ = {isa = PBXFileReference; fileEncoding = 4; lastKnownFileType = sourcecode.c.objc; path = Test.m; sourceTree = "<group>"; };
		28C067C5224FA6B60011F052 /* SegmentedBarController.swift */ = {isa = PBXFileReference; fileEncoding = 4; lastKnownFileType = sourcecode.swift; path = SegmentedBarController.swift; sourceTree = "<group>"; };
		28C067C7224FA6B60011F052 /* DataCryptorSampleViewController.xib */ = {isa = PBXFileReference; fileEncoding = 4; lastKnownFileType = file.xib; path = DataCryptorSampleViewController.xib; sourceTree = "<group>"; };
		28C067C8224FA6B60011F052 /* DataCryptor.storyboard */ = {isa = PBXFileReference; fileEncoding = 4; lastKnownFileType = file.storyboard; path = DataCryptor.storyboard; sourceTree = "<group>"; };
		28C067C9224FA6B60011F052 /* DataCryptorSampleViewController.swift */ = {isa = PBXFileReference; fileEncoding = 4; lastKnownFileType = sourcecode.swift; path = DataCryptorSampleViewController.swift; sourceTree = "<group>"; };
		28C067CC224FA6B60011F052 /* XZKeychain.h */ = {isa = PBXFileReference; fileEncoding = 4; lastKnownFileType = sourcecode.c.h; path = XZKeychain.h; sourceTree = "<group>"; };
		28C067CD224FA6B60011F052 /* XZKeychainAttribute.m */ = {isa = PBXFileReference; fileEncoding = 4; lastKnownFileType = sourcecode.c.objc; path = XZKeychainAttribute.m; sourceTree = "<group>"; };
		28C067CE224FA6B60011F052 /* XZKeychainAttribute.h */ = {isa = PBXFileReference; fileEncoding = 4; lastKnownFileType = sourcecode.c.h; path = XZKeychainAttribute.h; sourceTree = "<group>"; };
		28C067CF224FA6B60011F052 /* XZKeychain.m */ = {isa = PBXFileReference; fileEncoding = 4; lastKnownFileType = sourcecode.c.objc; path = XZKeychain.m; sourceTree = "<group>"; };
		28C067D1224FA6B60011F052 /* XZNetworkMonitor.m */ = {isa = PBXFileReference; fileEncoding = 4; lastKnownFileType = sourcecode.c.objc; path = XZNetworkMonitor.m; sourceTree = "<group>"; };
		28C067D2224FA6B60011F052 /* XZNetworkMonitor.h */ = {isa = PBXFileReference; fileEncoding = 4; lastKnownFileType = sourcecode.c.h; path = XZNetworkMonitor.h; sourceTree = "<group>"; };
		28C067D4224FA6B60011F052 /* XZAuthorizationManager.m */ = {isa = PBXFileReference; fileEncoding = 4; lastKnownFileType = sourcecode.c.objc; path = XZAuthorizationManager.m; sourceTree = "<group>"; };
		28C067D5224FA6B60011F052 /* UIApplication+XZAuthorization.m */ = {isa = PBXFileReference; fileEncoding = 4; lastKnownFileType = sourcecode.c.objc; path = "UIApplication+XZAuthorization.m"; sourceTree = "<group>"; };
		28C067D6224FA6B60011F052 /* XZAuthorizationManager.h */ = {isa = PBXFileReference; fileEncoding = 4; lastKnownFileType = sourcecode.c.h; path = XZAuthorizationManager.h; sourceTree = "<group>"; };
		28C067D7224FA6B60011F052 /* XZAuthorization.h */ = {isa = PBXFileReference; fileEncoding = 4; lastKnownFileType = sourcecode.c.h; path = XZAuthorization.h; sourceTree = "<group>"; };
		28C067D8224FA6B60011F052 /* UIApplication+XZAuthorization.h */ = {isa = PBXFileReference; fileEncoding = 4; lastKnownFileType = sourcecode.c.h; path = "UIApplication+XZAuthorization.h"; sourceTree = "<group>"; };
		28C067DA224FA6B60011F052 /* SQLiteDatabase.h */ = {isa = PBXFileReference; fileEncoding = 4; lastKnownFileType = sourcecode.c.h; path = SQLiteDatabase.h; sourceTree = "<group>"; };
		28C067DB224FA6B60011F052 /* SQLiteField.m */ = {isa = PBXFileReference; fileEncoding = 4; lastKnownFileType = sourcecode.c.objc; path = SQLiteField.m; sourceTree = "<group>"; };
		28C067DC224FA6B60011F052 /* SQLiteRecordset.h */ = {isa = PBXFileReference; fileEncoding = 4; lastKnownFileType = sourcecode.c.h; path = SQLiteRecordset.h; sourceTree = "<group>"; };
		28C067DD224FA6B60011F052 /* SQLiteData.h */ = {isa = PBXFileReference; fileEncoding = 4; lastKnownFileType = sourcecode.c.h; path = SQLiteData.h; sourceTree = "<group>"; };
		28C067DE224FA6B60011F052 /* SQLiteConnection.h */ = {isa = PBXFileReference; fileEncoding = 4; lastKnownFileType = sourcecode.c.h; path = SQLiteConnection.h; sourceTree = "<group>"; };
		28C067DF224FA6B60011F052 /* SQLiteField.h */ = {isa = PBXFileReference; fileEncoding = 4; lastKnownFileType = sourcecode.c.h; path = SQLiteField.h; sourceTree = "<group>"; };
		28C067E0224FA6B60011F052 /* SQLiteRecordset.m */ = {isa = PBXFileReference; fileEncoding = 4; lastKnownFileType = sourcecode.c.objc; path = SQLiteRecordset.m; sourceTree = "<group>"; };
		28C067E1224FA6B60011F052 /* SQLiteExtension.h */ = {isa = PBXFileReference; fileEncoding = 4; lastKnownFileType = sourcecode.c.h; path = SQLiteExtension.h; sourceTree = "<group>"; };
		28C067E2224FA6B60011F052 /* SQLiteDB.h */ = {isa = PBXFileReference; fileEncoding = 4; lastKnownFileType = sourcecode.c.h; path = SQLiteDB.h; sourceTree = "<group>"; };
		28C067E3224FA6B60011F052 /* SQLiteConnection.m */ = {isa = PBXFileReference; fileEncoding = 4; lastKnownFileType = sourcecode.c.objc; path = SQLiteConnection.m; sourceTree = "<group>"; };
		28C067E4224FA6B60011F052 /* SQLiteData.m */ = {isa = PBXFileReference; fileEncoding = 4; lastKnownFileType = sourcecode.c.objc; path = SQLiteData.m; sourceTree = "<group>"; };
		28C067E6224FA6B60011F052 /* XZPropertyDescriptor.m */ = {isa = PBXFileReference; fileEncoding = 4; lastKnownFileType = sourcecode.c.objc; path = XZPropertyDescriptor.m; sourceTree = "<group>"; };
		28C067E7224FA6B60011F052 /* NSObject+XZKeyValueCoding.h */ = {isa = PBXFileReference; fileEncoding = 4; lastKnownFileType = sourcecode.c.h; path = "NSObject+XZKeyValueCoding.h"; sourceTree = "<group>"; };
		28C067E8224FA6B60011F052 /* XZRuntime.h */ = {isa = PBXFileReference; fileEncoding = 4; lastKnownFileType = sourcecode.c.h; path = XZRuntime.h; sourceTree = "<group>"; };
		28C067E9224FA6B60011F052 /* XZDataTypeDescriptor.h */ = {isa = PBXFileReference; fileEncoding = 4; lastKnownFileType = sourcecode.c.h; path = XZDataTypeDescriptor.h; sourceTree = "<group>"; };
		28C067EA224FA6B60011F052 /* XZPropertyDescriptor.h */ = {isa = PBXFileReference; fileEncoding = 4; lastKnownFileType = sourcecode.c.h; path = XZPropertyDescriptor.h; sourceTree = "<group>"; };
		28C067EB224FA6B60011F052 /* XZRuntime.m */ = {isa = PBXFileReference; fileEncoding = 4; lastKnownFileType = sourcecode.c.objc; path = XZRuntime.m; sourceTree = "<group>"; };
		28C067EC224FA6B60011F052 /* NSObject+XZKeyValueCoding.m */ = {isa = PBXFileReference; fileEncoding = 4; lastKnownFileType = sourcecode.c.objc; path = "NSObject+XZKeyValueCoding.m"; sourceTree = "<group>"; };
		28C067ED224FA6B60011F052 /* XZDataTypeDescriptor.m */ = {isa = PBXFileReference; fileEncoding = 4; lastKnownFileType = sourcecode.c.objc; path = XZDataTypeDescriptor.m; sourceTree = "<group>"; };
		28C067EF224FA6B60011F052 /* XZKeyedObject.h */ = {isa = PBXFileReference; fileEncoding = 4; lastKnownFileType = sourcecode.c.h; path = XZKeyedObject.h; sourceTree = "<group>"; };
		28C067F0224FA6B60011F052 /* XZKeyedObject.m */ = {isa = PBXFileReference; fileEncoding = 4; lastKnownFileType = sourcecode.c.objc; path = XZKeyedObject.m; sourceTree = "<group>"; };
		28C067F2224FA6B60011F052 /* XZDataCryptor.m */ = {isa = PBXFileReference; fileEncoding = 4; lastKnownFileType = sourcecode.c.objc; path = XZDataCryptor.m; sourceTree = "<group>"; };
		28C067F3224FA6B60011F052 /* XZDataCryptor.h */ = {isa = PBXFileReference; fileEncoding = 4; lastKnownFileType = sourcecode.c.h; path = XZDataCryptor.h; sourceTree = "<group>"; };
		28C067F5224FA6B60011F052 /* XZLocationHelper.m */ = {isa = PBXFileReference; fileEncoding = 4; lastKnownFileType = sourcecode.c.objc; path = XZLocationHelper.m; sourceTree = "<group>"; };
		28C067F6224FA6B60011F052 /* XZLocationHelper.h */ = {isa = PBXFileReference; fileEncoding = 4; lastKnownFileType = sourcecode.c.h; path = XZLocationHelper.h; sourceTree = "<group>"; };
		28C067F7224FA6B60011F052 /* XZLocation.h */ = {isa = PBXFileReference; fileEncoding = 4; lastKnownFileType = sourcecode.c.h; path = XZLocation.h; sourceTree = "<group>"; };
		28C067F8224FA6B60011F052 /* AppDelegate.swift */ = {isa = PBXFileReference; fileEncoding = 4; lastKnownFileType = sourcecode.swift; path = AppDelegate.swift; sourceTree = "<group>"; };
		28C067F9224FA6B60011F052 /* LaunchViewController.swift */ = {isa = PBXFileReference; fileEncoding = 4; lastKnownFileType = sourcecode.swift; path = LaunchViewController.swift; sourceTree = "<group>"; };
		28C067FB224FA6B60011F052 /* NavigationBar.swift */ = {isa = PBXFileReference; fileEncoding = 4; lastKnownFileType = sourcecode.swift; path = NavigationBar.swift; sourceTree = "<group>"; };
		28C067FE224FA6B60011F052 /* Sample1ViewController.swift */ = {isa = PBXFileReference; fileEncoding = 4; lastKnownFileType = sourcecode.swift; path = Sample1ViewController.swift; sourceTree = "<group>"; };
		28C067FF224FA6B60011F052 /* Sample1ViewController.xib */ = {isa = PBXFileReference; fileEncoding = 4; lastKnownFileType = file.xib; path = Sample1ViewController.xib; sourceTree = "<group>"; };
		28C06800224FA6B60011F052 /* XZKitViewController.swift */ = {isa = PBXFileReference; fileEncoding = 4; lastKnownFileType = sourcecode.swift; path = XZKitViewController.swift; sourceTree = "<group>"; };
		28C06801224FA6B60011F052 /* NavigationController.swift */ = {isa = PBXFileReference; fileEncoding = 4; lastKnownFileType = sourcecode.swift; path = NavigationController.swift; sourceTree = "<group>"; };
		28C06802224FA6B60011F052 /* TabBarController.swift */ = {isa = PBXFileReference; fileEncoding = 4; lastKnownFileType = sourcecode.swift; path = TabBarController.swift; sourceTree = "<group>"; };
		28C06804224FA6B60011F052 /* ColorTestCollectionViewController.swift */ = {isa = PBXFileReference; fileEncoding = 4; lastKnownFileType = sourcecode.swift; path = ColorTestCollectionViewController.swift; sourceTree = "<group>"; };
		28C06805224FA6B60011F052 /* AVFoundation.swift */ = {isa = PBXFileReference; fileEncoding = 4; lastKnownFileType = sourcecode.swift; path = AVFoundation.swift; sourceTree = "<group>"; };
		28C06806224FA6B60011F052 /* ImageColorLevelsViewController.swift */ = {isa = PBXFileReference; fileEncoding = 4; lastKnownFileType = sourcecode.swift; path = ImageColorLevelsViewController.swift; sourceTree = "<group>"; };
		28C06807224FA6B60011F052 /* SegmentedBar.swift */ = {isa = PBXFileReference; fileEncoding = 4; lastKnownFileType = sourcecode.swift; path = SegmentedBar.swift; sourceTree = "<group>"; };
		28C06808224FA6B60011F052 /* ProgressSliderViewController.swift */ = {isa = PBXFileReference; fileEncoding = 4; lastKnownFileType = sourcecode.swift; path = ProgressSliderViewController.swift; sourceTree = "<group>"; };
		28C0684A224FA6C50011F052 /* en */ = {isa = PBXFileReference; lastKnownFileType = text.plist.strings; name = en; path = en.lproj/Localizable.strings; sourceTree = "<group>"; };
		28C0684B224FA6C50011F052 /* Theme.plist */ = {isa = PBXFileReference; fileEncoding = 4; lastKnownFileType = text.plist.xml; path = Theme.plist; sourceTree = "<group>"; };
		28C0684C224FA6C50011F052 /* Images.xcassets */ = {isa = PBXFileReference; lastKnownFileType = folder.assetcatalog; path = Images.xcassets; sourceTree = "<group>"; };
		28C0684F224FA6C50011F052 /* Base */ = {isa = PBXFileReference; lastKnownFileType = file.xib; name = Base; path = Base.lproj/LaunchScreen.xib; sourceTree = "<group>"; };
		61ECD04176779E4E71059C50 /* Pods-XZKitExample.debug.xcconfig */ = {isa = PBXFileReference; includeInIndex = 1; lastKnownFileType = text.xcconfig; name = "Pods-XZKitExample.debug.xcconfig"; path = "../../XZKitExample/Pods/Pods/Target Support Files/Pods-XZKitExample/Pods-XZKitExample.debug.xcconfig"; sourceTree = "<group>"; };
		6D7B7BA1B9E54AE3218E033C /* Pods_XZKitExample.framework */ = {isa = PBXFileReference; explicitFileType = wrapper.framework; includeInIndex = 0; path = Pods_XZKitExample.framework; sourceTree = BUILT_PRODUCTS_DIR; };
		A7F05B4B91A337F7D4D2B711 /* Pods-XZKitExample.release.xcconfig */ = {isa = PBXFileReference; includeInIndex = 1; lastKnownFileType = text.xcconfig; name = "Pods-XZKitExample.release.xcconfig"; path = "../../XZKitExample/Pods/Pods/Target Support Files/Pods-XZKitExample/Pods-XZKitExample.release.xcconfig"; sourceTree = "<group>"; };
/* End PBXFileReference section */

/* Begin PBXFrameworksBuildPhase section */
		28C0677E224FA6160011F052 /* Frameworks */ = {
			isa = PBXFrameworksBuildPhase;
			buildActionMask = 2147483647;
			files = (
				09CD0EF1F14D671860D63DA7 /* Pods_XZKitExample.framework in Frameworks */,
			);
			runOnlyForDeploymentPostprocessing = 0;
		};
/* End PBXFrameworksBuildPhase section */

/* Begin PBXGroup section */
		22ECB080BC4721C274BE0DB7 /* Frameworks */ = {
			isa = PBXGroup;
			children = (
				6D7B7BA1B9E54AE3218E033C /* Pods_XZKitExample.framework */,
			);
			name = Frameworks;
			sourceTree = "<group>";
		};
		28C06778224FA6160011F052 = {
			isa = PBXGroup;
			children = (
				28C06783224FA6160011F052 /* XZKitExample */,
				28C06782224FA6160011F052 /* Products */,
				9B51369D738F85F92BF9CAA5 /* Pods */,
				22ECB080BC4721C274BE0DB7 /* Frameworks */,
			);
			sourceTree = "<group>";
		};
		28C06782224FA6160011F052 /* Products */ = {
			isa = PBXGroup;
			children = (
				28C06781224FA6160011F052 /* XZKitExample.app */,
			);
			name = Products;
			sourceTree = "<group>";
		};
		28C06783224FA6160011F052 /* XZKitExample */ = {
			isa = PBXGroup;
			children = (
				28C06796224FA6B60011F052 /* Code */,
				28C06848224FA6C50011F052 /* Resource */,
				28C06790224FA6170011F052 /* Info.plist */,
			);
			path = XZKitExample;
			sourceTree = "<group>";
		};
		28C06796224FA6B60011F052 /* Code */ = {
			isa = PBXGroup;
			children = (
				28C06797224FA6B60011F052 /* TimerButton.swift */,
				28C06798224FA6B60011F052 /* AlertController */,
				28C0679A224FA6B60011F052 /* ImageColorLevelsViewController.xib */,
				28C0679B224FA6B60011F052 /* BubbleViewController.swift */,
				28C0679C224FA6B60011F052 /* CarouselView */,
				28C067A0224FA6B60011F052 /* XZKitTabBarController.swift */,
				28C067A1224FA6B60011F052 /* WebView */,
				28C067A4224FA6B60011F052 /* TitledImageView */,
				28C067A7224FA6B60011F052 /* Test.h */,
				28C067A8224FA6B60011F052 /* XZKit_Example-Bridging-Header.h */,
				28C067A9224FA6B60011F052 /* AdvertisementView.swift */,
				28C067AA224FA6B60011F052 /* ModuleList */,
				28C067AF224FA6B60011F052 /* UIImage+XZKit */,
				28C067B1224FA6B60011F052 /* APIManager */,
				28C067B5224FA6B60011F052 /* BubbleView.swift */,
				28C067B6224FA6B60011F052 /* Theme */,
				28C067BB224FA6B60011F052 /* UIImageViewPlaceholder */,
				28C067BE224FA6B60011F052 /* ContentStatus */,
				28C067C1224FA6B60011F052 /* UICollectionViewFlowLayout */,
				28C067C4224FA6B60011F052 /* Test.m */,
				28C067C5224FA6B60011F052 /* SegmentedBarController.swift */,
				28C067C6224FA6B60011F052 /* DataCryptor */,
				28C067CA224FA6B60011F052 /* XZKit */,
				28C067F8224FA6B60011F052 /* AppDelegate.swift */,
				28C067F9224FA6B60011F052 /* LaunchViewController.swift */,
				28C067FA224FA6B60011F052 /* Main */,
				28C06803224FA6B60011F052 /* UIColor+XZKit */,
				28C06805224FA6B60011F052 /* AVFoundation.swift */,
				28C06806224FA6B60011F052 /* ImageColorLevelsViewController.swift */,
				28C06807224FA6B60011F052 /* SegmentedBar.swift */,
				28C06808224FA6B60011F052 /* ProgressSliderViewController.swift */,
			);
			path = Code;
			sourceTree = "<group>";
		};
		28C06798224FA6B60011F052 /* AlertController */ = {
			isa = PBXGroup;
			children = (
				28C06799224FA6B60011F052 /* AlertViewController.swift */,
			);
			path = AlertController;
			sourceTree = "<group>";
		};
		28C0679C224FA6B60011F052 /* CarouselView */ = {
			isa = PBXGroup;
			children = (
				28C0679D224FA6B60011F052 /* SampleCarouselViewController.swift */,
				28C0679E224FA6B60011F052 /* SampleCarouselViewController.xib */,
				28C0679F224FA6B60011F052 /* SampleImageCarouselViewController.swift */,
			);
			path = CarouselView;
			sourceTree = "<group>";
		};
		28C067A1224FA6B60011F052 /* WebView */ = {
			isa = PBXGroup;
			children = (
				28C067A2224FA6B60011F052 /* XZWebView.h */,
				28C067A3224FA6B60011F052 /* XZWebView.m */,
			);
			path = WebView;
			sourceTree = "<group>";
		};
		28C067A4224FA6B60011F052 /* TitledImageView */ = {
			isa = PBXGroup;
			children = (
				28C067A5224FA6B60011F052 /* SampleTitleImageViewController.swift */,
				28C067A6224FA6B60011F052 /* SampleTitleImageViewController.xib */,
			);
			path = TitledImageView;
			sourceTree = "<group>";
		};
		28C067AA224FA6B60011F052 /* ModuleList */ = {
			isa = PBXGroup;
			children = (
				28C067AB224FA6B60011F052 /* View */,
				28C067AD224FA6B60011F052 /* ViewController */,
			);
			path = ModuleList;
			sourceTree = "<group>";
		};
		28C067AB224FA6B60011F052 /* View */ = {
			isa = PBXGroup;
			children = (
				28C067AC224FA6B60011F052 /* XZKitModuleListTableViewCell.swift */,
			);
			path = View;
			sourceTree = "<group>";
		};
		28C067AD224FA6B60011F052 /* ViewController */ = {
			isa = PBXGroup;
			children = (
				28C067AE224FA6B60011F052 /* XZKitModuleListTableViewController.swift */,
			);
			path = ViewController;
			sourceTree = "<group>";
		};
		28C067AF224FA6B60011F052 /* UIImage+XZKit */ = {
			isa = PBXGroup;
			children = (
				28C067B0224FA6B60011F052 /* ImageTestViewController.swift */,
			);
			path = "UIImage+XZKit";
			sourceTree = "<group>";
		};
		28C067B1224FA6B60011F052 /* APIManager */ = {
			isa = PBXGroup;
			children = (
				28C067B2224FA6B60011F052 /* APIConcurrencyPolicyViewController.swift */,
				28C067B3224FA6B60011F052 /* APIManagerViewController.swift */,
				28C067B4224FA6B60011F052 /* ExampleAPIManager.swift */,
			);
			path = APIManager;
			sourceTree = "<group>";
		};
		28C067B6224FA6B60011F052 /* Theme */ = {
			isa = PBXGroup;
			children = (
				28C067B7224FA6B60011F052 /* SampleThemeViewController.swift */,
				28C067B8224FA6B60011F052 /* ThemeView.swift */,
				28C067B9224FA6B60011F052 /* Theme.swift */,
				28C067BA224FA6B60011F052 /* SampleThemeViewController.xib */,
			);
			path = Theme;
			sourceTree = "<group>";
		};
		28C067BB224FA6B60011F052 /* UIImageViewPlaceholder */ = {
			isa = PBXGroup;
			children = (
				28C067BC224FA6B60011F052 /* SampleImageViewController.swift */,
				28C067BD224FA6B60011F052 /* SampleImageViewController.xib */,
			);
			path = UIImageViewPlaceholder;
			sourceTree = "<group>";
		};
		28C067BE224FA6B60011F052 /* ContentStatus */ = {
			isa = PBXGroup;
			children = (
				28C067BF224FA6B60011F052 /* SampleContentStatusViewController.xib */,
				28C067C0224FA6B60011F052 /* SampleContentStatusViewController.swift */,
			);
			path = ContentStatus;
			sourceTree = "<group>";
		};
		28C067C1224FA6B60011F052 /* UICollectionViewFlowLayout */ = {
			isa = PBXGroup;
			children = (
				28C067C2224FA6B60011F052 /* FlowLayoutCollectionViewController.swift */,
				28C067C3224FA6B60011F052 /* FlowLayoutSettingsController.swift */,
			);
			path = UICollectionViewFlowLayout;
			sourceTree = "<group>";
		};
		28C067C6224FA6B60011F052 /* DataCryptor */ = {
			isa = PBXGroup;
			children = (
				28C067C7224FA6B60011F052 /* DataCryptorSampleViewController.xib */,
				28C067C8224FA6B60011F052 /* DataCryptor.storyboard */,
				28C067C9224FA6B60011F052 /* DataCryptorSampleViewController.swift */,
			);
			path = DataCryptor;
			sourceTree = "<group>";
		};
		28C067CA224FA6B60011F052 /* XZKit */ = {
			isa = PBXGroup;
			children = (
				28C067CB224FA6B60011F052 /* XZKeychain */,
				28C067D0224FA6B60011F052 /* Monitor */,
				28C067D3224FA6B60011F052 /* XZAuthorization */,
				28C067D9224FA6B60011F052 /* SQLiteDB */,
				28C067E5224FA6B60011F052 /* XZRuntime */,
				28C067EE224FA6B60011F052 /* XZKeyedObject */,
				28C067F1224FA6B60011F052 /* Cryptor */,
				28C067F4224FA6B60011F052 /* XZLocation */,
			);
			path = XZKit;
			sourceTree = "<group>";
		};
		28C067CB224FA6B60011F052 /* XZKeychain */ = {
			isa = PBXGroup;
			children = (
				28C067CC224FA6B60011F052 /* XZKeychain.h */,
				28C067CF224FA6B60011F052 /* XZKeychain.m */,
				28C067CE224FA6B60011F052 /* XZKeychainAttribute.h */,
				28C067CD224FA6B60011F052 /* XZKeychainAttribute.m */,
			);
			path = XZKeychain;
			sourceTree = "<group>";
		};
		28C067D0224FA6B60011F052 /* Monitor */ = {
			isa = PBXGroup;
			children = (
				28C067D1224FA6B60011F052 /* XZNetworkMonitor.m */,
				28C067D2224FA6B60011F052 /* XZNetworkMonitor.h */,
			);
			path = Monitor;
			sourceTree = "<group>";
		};
		28C067D3224FA6B60011F052 /* XZAuthorization */ = {
			isa = PBXGroup;
			children = (
				28C067D4224FA6B60011F052 /* XZAuthorizationManager.m */,
				28C067D5224FA6B60011F052 /* UIApplication+XZAuthorization.m */,
				28C067D6224FA6B60011F052 /* XZAuthorizationManager.h */,
				28C067D7224FA6B60011F052 /* XZAuthorization.h */,
				28C067D8224FA6B60011F052 /* UIApplication+XZAuthorization.h */,
			);
			path = XZAuthorization;
			sourceTree = "<group>";
		};
		28C067D9224FA6B60011F052 /* SQLiteDB */ = {
			isa = PBXGroup;
			children = (
				28C067DA224FA6B60011F052 /* SQLiteDatabase.h */,
				28C067DB224FA6B60011F052 /* SQLiteField.m */,
				28C067DC224FA6B60011F052 /* SQLiteRecordset.h */,
				28C067DD224FA6B60011F052 /* SQLiteData.h */,
				28C067DE224FA6B60011F052 /* SQLiteConnection.h */,
				28C067DF224FA6B60011F052 /* SQLiteField.h */,
				28C067E0224FA6B60011F052 /* SQLiteRecordset.m */,
				28C067E1224FA6B60011F052 /* SQLiteExtension.h */,
				28C067E2224FA6B60011F052 /* SQLiteDB.h */,
				28C067E3224FA6B60011F052 /* SQLiteConnection.m */,
				28C067E4224FA6B60011F052 /* SQLiteData.m */,
			);
			path = SQLiteDB;
			sourceTree = "<group>";
		};
		28C067E5224FA6B60011F052 /* XZRuntime */ = {
			isa = PBXGroup;
			children = (
				28C067E6224FA6B60011F052 /* XZPropertyDescriptor.m */,
				28C067E7224FA6B60011F052 /* NSObject+XZKeyValueCoding.h */,
				28C067E8224FA6B60011F052 /* XZRuntime.h */,
				28C067E9224FA6B60011F052 /* XZDataTypeDescriptor.h */,
				28C067EA224FA6B60011F052 /* XZPropertyDescriptor.h */,
				28C067EB224FA6B60011F052 /* XZRuntime.m */,
				28C067EC224FA6B60011F052 /* NSObject+XZKeyValueCoding.m */,
				28C067ED224FA6B60011F052 /* XZDataTypeDescriptor.m */,
			);
			path = XZRuntime;
			sourceTree = "<group>";
		};
		28C067EE224FA6B60011F052 /* XZKeyedObject */ = {
			isa = PBXGroup;
			children = (
				28C067EF224FA6B60011F052 /* XZKeyedObject.h */,
				28C067F0224FA6B60011F052 /* XZKeyedObject.m */,
			);
			path = XZKeyedObject;
			sourceTree = "<group>";
		};
		28C067F1224FA6B60011F052 /* Cryptor */ = {
			isa = PBXGroup;
			children = (
				28C067F2224FA6B60011F052 /* XZDataCryptor.m */,
				28C067F3224FA6B60011F052 /* XZDataCryptor.h */,
			);
			path = Cryptor;
			sourceTree = "<group>";
		};
		28C067F4224FA6B60011F052 /* XZLocation */ = {
			isa = PBXGroup;
			children = (
				28C067F5224FA6B60011F052 /* XZLocationHelper.m */,
				28C067F6224FA6B60011F052 /* XZLocationHelper.h */,
				28C067F7224FA6B60011F052 /* XZLocation.h */,
			);
			path = XZLocation;
			sourceTree = "<group>";
		};
		28C067FA224FA6B60011F052 /* Main */ = {
			isa = PBXGroup;
			children = (
				28C067FB224FA6B60011F052 /* NavigationBar.swift */,
				28C067FC224FA6B60011F052 /* XZKit */,
				28C06801224FA6B60011F052 /* NavigationController.swift */,
				28C06802224FA6B60011F052 /* TabBarController.swift */,
			);
			path = Main;
			sourceTree = "<group>";
		};
		28C067FC224FA6B60011F052 /* XZKit */ = {
			isa = PBXGroup;
			children = (
				28C067FD224FA6B60011F052 /* NavigationController */,
				28C06800224FA6B60011F052 /* XZKitViewController.swift */,
			);
			path = XZKit;
			sourceTree = "<group>";
		};
		28C067FD224FA6B60011F052 /* NavigationController */ = {
			isa = PBXGroup;
			children = (
				28C067FE224FA6B60011F052 /* Sample1ViewController.swift */,
				28C067FF224FA6B60011F052 /* Sample1ViewController.xib */,
			);
			path = NavigationController;
			sourceTree = "<group>";
		};
		28C06803224FA6B60011F052 /* UIColor+XZKit */ = {
			isa = PBXGroup;
			children = (
				28C06804224FA6B60011F052 /* ColorTestCollectionViewController.swift */,
			);
			path = "UIColor+XZKit";
			sourceTree = "<group>";
		};
		28C06848224FA6C50011F052 /* Resource */ = {
			isa = PBXGroup;
			children = (
				28C06849224FA6C50011F052 /* Localizable.strings */,
				28C0684B224FA6C50011F052 /* Theme.plist */,
				28C0684C224FA6C50011F052 /* Images.xcassets */,
				28C0684D224FA6C50011F052 /* IB */,
			);
			path = Resource;
			sourceTree = "<group>";
		};
		28C0684D224FA6C50011F052 /* IB */ = {
			isa = PBXGroup;
			children = (
				28C0684E224FA6C50011F052 /* LaunchScreen.xib */,
			);
			path = IB;
			sourceTree = "<group>";
		};
		9B51369D738F85F92BF9CAA5 /* Pods */ = {
			isa = PBXGroup;
			children = (
				61ECD04176779E4E71059C50 /* Pods-XZKitExample.debug.xcconfig */,
				A7F05B4B91A337F7D4D2B711 /* Pods-XZKitExample.release.xcconfig */,
			);
			name = Pods;
			path = ../../Pods/Pods;
			sourceTree = "<group>";
		};
/* End PBXGroup section */

/* Begin PBXNativeTarget section */
		28C06780224FA6160011F052 /* XZKitExample */ = {
			isa = PBXNativeTarget;
			buildConfigurationList = 28C06793224FA6170011F052 /* Build configuration list for PBXNativeTarget "XZKitExample" */;
			buildPhases = (
				8D49B5180F10A185D378B314 /* [CP] Check Pods Manifest.lock */,
				28C0677D224FA6160011F052 /* Sources */,
				28C0677E224FA6160011F052 /* Frameworks */,
				28C0677F224FA6160011F052 /* Resources */,
				F688EDF2E8B18B33030584BF /* [CP] Embed Pods Frameworks */,
			);
			buildRules = (
			);
			dependencies = (
			);
			name = XZKitExample;
			productName = XZKitExample;
			productReference = 28C06781224FA6160011F052 /* XZKitExample.app */;
			productType = "com.apple.product-type.application";
		};
/* End PBXNativeTarget section */

/* Begin PBXProject section */
		28C06779224FA6160011F052 /* Project object */ = {
			isa = PBXProject;
			attributes = {
				LastSwiftUpdateCheck = 1020;
				LastUpgradeCheck = 1020;
				ORGANIZATIONNAME = mlibai;
				TargetAttributes = {
					28C06780224FA6160011F052 = {
						CreatedOnToolsVersion = 10.2;
					};
				};
			};
			buildConfigurationList = 28C0677C224FA6160011F052 /* Build configuration list for PBXProject "XZKitExample" */;
			compatibilityVersion = "Xcode 9.3";
			developmentRegion = en;
			hasScannedForEncodings = 0;
			knownRegions = (
				en,
				Base,
			);
			mainGroup = 28C06778224FA6160011F052;
			productRefGroup = 28C06782224FA6160011F052 /* Products */;
			projectDirPath = "";
			projectRoot = "";
			targets = (
				28C06780224FA6160011F052 /* XZKitExample */,
			);
		};
/* End PBXProject section */

/* Begin PBXResourcesBuildPhase section */
		28C0677F224FA6160011F052 /* Resources */ = {
			isa = PBXResourcesBuildPhase;
			buildActionMask = 2147483647;
			files = (
				28C06828224FA6B60011F052 /* DataCryptorSampleViewController.xib in Resources */,
				28C06851224FA6C50011F052 /* Theme.plist in Resources */,
				28C0680E224FA6B60011F052 /* SampleCarouselViewController.xib in Resources */,
				28C06829224FA6B60011F052 /* DataCryptor.storyboard in Resources */,
				28C06821224FA6B60011F052 /* SampleImageViewController.xib in Resources */,
				28C06822224FA6B60011F052 /* SampleContentStatusViewController.xib in Resources */,
				28C06850224FA6C50011F052 /* Localizable.strings in Resources */,
				28C0680B224FA6B60011F052 /* ImageColorLevelsViewController.xib in Resources */,
				28C0681F224FA6B60011F052 /* SampleThemeViewController.xib in Resources */,
				28C06853224FA6C50011F052 /* LaunchScreen.xib in Resources */,
				28C06852224FA6C50011F052 /* Images.xcassets in Resources */,
				28C06813224FA6B60011F052 /* SampleTitleImageViewController.xib in Resources */,
				28C0683F224FA6B60011F052 /* Sample1ViewController.xib in Resources */,
			);
			runOnlyForDeploymentPostprocessing = 0;
		};
/* End PBXResourcesBuildPhase section */

/* Begin PBXShellScriptBuildPhase section */
		8D49B5180F10A185D378B314 /* [CP] Check Pods Manifest.lock */ = {
			isa = PBXShellScriptBuildPhase;
			buildActionMask = 2147483647;
			files = (
			);
			inputFileListPaths = (
			);
			inputPaths = (
				"${PODS_PODFILE_DIR_PATH}/Podfile.lock",
				"${PODS_ROOT}/Manifest.lock",
			);
			name = "[CP] Check Pods Manifest.lock";
			outputFileListPaths = (
			);
			outputPaths = (
				"$(DERIVED_FILE_DIR)/Pods-XZKitExample-checkManifestLockResult.txt",
			);
			runOnlyForDeploymentPostprocessing = 0;
			shellPath = /bin/sh;
			shellScript = "diff \"${PODS_PODFILE_DIR_PATH}/Podfile.lock\" \"${PODS_ROOT}/Manifest.lock\" > /dev/null\nif [ $? != 0 ] ; then\n    # print error to STDERR\n    echo \"error: The sandbox is not in sync with the Podfile.lock. Run 'pod install' or update your CocoaPods installation.\" >&2\n    exit 1\nfi\n# This output is used by Xcode 'outputs' to avoid re-running this script phase.\necho \"SUCCESS\" > \"${SCRIPT_OUTPUT_FILE_0}\"\n";
			showEnvVarsInLog = 0;
		};
		F688EDF2E8B18B33030584BF /* [CP] Embed Pods Frameworks */ = {
			isa = PBXShellScriptBuildPhase;
			buildActionMask = 2147483647;
			files = (
			);
			inputFileListPaths = (
				"${PODS_ROOT}/Target Support Files/Pods-XZKitExample/Pods-XZKitExample-frameworks-${CONFIGURATION}-input-files.xcfilelist",
			);
			name = "[CP] Embed Pods Frameworks";
			outputFileListPaths = (
				"${PODS_ROOT}/Target Support Files/Pods-XZKitExample/Pods-XZKitExample-frameworks-${CONFIGURATION}-output-files.xcfilelist",
			);
			runOnlyForDeploymentPostprocessing = 0;
			shellPath = /bin/sh;
			shellScript = "\"${PODS_ROOT}/Target Support Files/Pods-XZKitExample/Pods-XZKitExample-frameworks.sh\"\n";
			showEnvVarsInLog = 0;
		};
/* End PBXShellScriptBuildPhase section */

/* Begin PBXSourcesBuildPhase section */
		28C0677D224FA6160011F052 /* Sources */ = {
			isa = PBXSourcesBuildPhase;
			buildActionMask = 2147483647;
			files = (
				28C06814224FA6B60011F052 /* AdvertisementView.swift in Sources */,
				28C06810224FA6B60011F052 /* XZKitTabBarController.swift in Sources */,
				28C06825224FA6B60011F052 /* FlowLayoutSettingsController.swift in Sources */,
				28C0681B224FA6B60011F052 /* BubbleView.swift in Sources */,
				28C0683D224FA6B60011F052 /* NavigationBar.swift in Sources */,
				28C0681A224FA6B60011F052 /* ExampleAPIManager.swift in Sources */,
				28C06827224FA6B60011F052 /* SegmentedBarController.swift in Sources */,
				28C06846224FA6B60011F052 /* SegmentedBar.swift in Sources */,
				28C06818224FA6B60011F052 /* APIConcurrencyPolicyViewController.swift in Sources */,
				28C06817224FA6B60011F052 /* ImageTestViewController.swift in Sources */,
				28C06840224FA6B60011F052 /* XZKitViewController.swift in Sources */,
				28C06847224FA6B60011F052 /* ProgressSliderViewController.swift in Sources */,
				28C0683C224FA6B60011F052 /* LaunchViewController.swift in Sources */,
				28C06819224FA6B60011F052 /* APIManagerViewController.swift in Sources */,
				28C06845224FA6B60011F052 /* ImageColorLevelsViewController.swift in Sources */,
				28C06826224FA6B60011F052 /* Test.m in Sources */,
				28C06824224FA6B60011F052 /* FlowLayoutCollectionViewController.swift in Sources */,
				28C06844224FA6B60011F052 /* AVFoundation.swift in Sources */,
				28C06841224FA6B60011F052 /* NavigationController.swift in Sources */,
				28C06816224FA6B60011F052 /* XZKitModuleListTableViewController.swift in Sources */,
				28C0680D224FA6B60011F052 /* SampleCarouselViewController.swift in Sources */,
				28C0680F224FA6B60011F052 /* SampleImageCarouselViewController.swift in Sources */,
				28C06809224FA6B60011F052 /* TimerButton.swift in Sources */,
				28C06823224FA6B60011F052 /* SampleContentStatusViewController.swift in Sources */,
				28C06815224FA6B60011F052 /* XZKitModuleListTableViewCell.swift in Sources */,
				28C0682A224FA6B60011F052 /* DataCryptorSampleViewController.swift in Sources */,
				28C0683B224FA6B60011F052 /* AppDelegate.swift in Sources */,
				28C06843224FA6B60011F052 /* ColorTestCollectionViewController.swift in Sources */,
				28C0681E224FA6B60011F052 /* Theme.swift in Sources */,
				28C06812224FA6B60011F052 /* SampleTitleImageViewController.swift in Sources */,
				28C0681C224FA6B60011F052 /* SampleThemeViewController.swift in Sources */,
				28C06842224FA6B60011F052 /* TabBarController.swift in Sources */,
				28C0680C224FA6B60011F052 /* BubbleViewController.swift in Sources */,
				28C0681D224FA6B60011F052 /* ThemeView.swift in Sources */,
				28C0683E224FA6B60011F052 /* Sample1ViewController.swift in Sources */,
				28C06820224FA6B60011F052 /* SampleImageViewController.swift in Sources */,
				28C0680A224FA6B60011F052 /* AlertViewController.swift in Sources */,
			);
			runOnlyForDeploymentPostprocessing = 0;
		};
/* End PBXSourcesBuildPhase section */

/* Begin PBXVariantGroup section */
		28C06849224FA6C50011F052 /* Localizable.strings */ = {
			isa = PBXVariantGroup;
			children = (
				28C0684A224FA6C50011F052 /* en */,
			);
			name = Localizable.strings;
			sourceTree = "<group>";
		};
		28C0684E224FA6C50011F052 /* LaunchScreen.xib */ = {
			isa = PBXVariantGroup;
			children = (
				28C0684F224FA6C50011F052 /* Base */,
			);
			name = LaunchScreen.xib;
			sourceTree = "<group>";
		};
/* End PBXVariantGroup section */

/* Begin XCBuildConfiguration section */
		28C06791224FA6170011F052 /* Debug */ = {
			isa = XCBuildConfiguration;
			buildSettings = {
				ALWAYS_SEARCH_USER_PATHS = NO;
				CLANG_ANALYZER_NONNULL = YES;
				CLANG_ANALYZER_NUMBER_OBJECT_CONVERSION = YES_AGGRESSIVE;
				CLANG_CXX_LANGUAGE_STANDARD = "gnu++14";
				CLANG_CXX_LIBRARY = "libc++";
				CLANG_ENABLE_MODULES = YES;
				CLANG_ENABLE_OBJC_ARC = YES;
				CLANG_ENABLE_OBJC_WEAK = YES;
				CLANG_WARN_BLOCK_CAPTURE_AUTORELEASING = YES;
				CLANG_WARN_BOOL_CONVERSION = YES;
				CLANG_WARN_COMMA = YES;
				CLANG_WARN_CONSTANT_CONVERSION = YES;
				CLANG_WARN_DEPRECATED_OBJC_IMPLEMENTATIONS = YES;
				CLANG_WARN_DIRECT_OBJC_ISA_USAGE = YES_ERROR;
				CLANG_WARN_DOCUMENTATION_COMMENTS = YES;
				CLANG_WARN_EMPTY_BODY = YES;
				CLANG_WARN_ENUM_CONVERSION = YES;
				CLANG_WARN_INFINITE_RECURSION = YES;
				CLANG_WARN_INT_CONVERSION = YES;
				CLANG_WARN_NON_LITERAL_NULL_CONVERSION = YES;
				CLANG_WARN_OBJC_IMPLICIT_RETAIN_SELF = YES;
				CLANG_WARN_OBJC_LITERAL_CONVERSION = YES;
				CLANG_WARN_OBJC_ROOT_CLASS = YES_ERROR;
				CLANG_WARN_RANGE_LOOP_ANALYSIS = YES;
				CLANG_WARN_STRICT_PROTOTYPES = YES;
				CLANG_WARN_SUSPICIOUS_MOVE = YES;
				CLANG_WARN_UNGUARDED_AVAILABILITY = YES_AGGRESSIVE;
				CLANG_WARN_UNREACHABLE_CODE = YES;
				CLANG_WARN__DUPLICATE_METHOD_MATCH = YES;
				CODE_SIGN_IDENTITY = "iPhone Developer";
				COPY_PHASE_STRIP = NO;
				DEBUG_INFORMATION_FORMAT = dwarf;
				ENABLE_STRICT_OBJC_MSGSEND = YES;
				ENABLE_TESTABILITY = YES;
				GCC_C_LANGUAGE_STANDARD = gnu11;
				GCC_DYNAMIC_NO_PIC = NO;
				GCC_NO_COMMON_BLOCKS = YES;
				GCC_OPTIMIZATION_LEVEL = 0;
				GCC_PREPROCESSOR_DEFINITIONS = (
					"DEBUG=1",
					"$(inherited)",
				);
				GCC_WARN_64_TO_32_BIT_CONVERSION = YES;
				GCC_WARN_ABOUT_RETURN_TYPE = YES_ERROR;
				GCC_WARN_UNDECLARED_SELECTOR = YES;
				GCC_WARN_UNINITIALIZED_AUTOS = YES_AGGRESSIVE;
				GCC_WARN_UNUSED_FUNCTION = YES;
				GCC_WARN_UNUSED_VARIABLE = YES;
				IPHONEOS_DEPLOYMENT_TARGET = 12.2;
				MTL_ENABLE_DEBUG_INFO = INCLUDE_SOURCE;
				MTL_FAST_MATH = YES;
				ONLY_ACTIVE_ARCH = YES;
				SDKROOT = iphoneos;
				SWIFT_ACTIVE_COMPILATION_CONDITIONS = DEBUG;
				SWIFT_OPTIMIZATION_LEVEL = "-Onone";
			};
			name = Debug;
		};
		28C06792224FA6170011F052 /* Release */ = {
			isa = XCBuildConfiguration;
			buildSettings = {
				ALWAYS_SEARCH_USER_PATHS = NO;
				CLANG_ANALYZER_NONNULL = YES;
				CLANG_ANALYZER_NUMBER_OBJECT_CONVERSION = YES_AGGRESSIVE;
				CLANG_CXX_LANGUAGE_STANDARD = "gnu++14";
				CLANG_CXX_LIBRARY = "libc++";
				CLANG_ENABLE_MODULES = YES;
				CLANG_ENABLE_OBJC_ARC = YES;
				CLANG_ENABLE_OBJC_WEAK = YES;
				CLANG_WARN_BLOCK_CAPTURE_AUTORELEASING = YES;
				CLANG_WARN_BOOL_CONVERSION = YES;
				CLANG_WARN_COMMA = YES;
				CLANG_WARN_CONSTANT_CONVERSION = YES;
				CLANG_WARN_DEPRECATED_OBJC_IMPLEMENTATIONS = YES;
				CLANG_WARN_DIRECT_OBJC_ISA_USAGE = YES_ERROR;
				CLANG_WARN_DOCUMENTATION_COMMENTS = YES;
				CLANG_WARN_EMPTY_BODY = YES;
				CLANG_WARN_ENUM_CONVERSION = YES;
				CLANG_WARN_INFINITE_RECURSION = YES;
				CLANG_WARN_INT_CONVERSION = YES;
				CLANG_WARN_NON_LITERAL_NULL_CONVERSION = YES;
				CLANG_WARN_OBJC_IMPLICIT_RETAIN_SELF = YES;
				CLANG_WARN_OBJC_LITERAL_CONVERSION = YES;
				CLANG_WARN_OBJC_ROOT_CLASS = YES_ERROR;
				CLANG_WARN_RANGE_LOOP_ANALYSIS = YES;
				CLANG_WARN_STRICT_PROTOTYPES = YES;
				CLANG_WARN_SUSPICIOUS_MOVE = YES;
				CLANG_WARN_UNGUARDED_AVAILABILITY = YES_AGGRESSIVE;
				CLANG_WARN_UNREACHABLE_CODE = YES;
				CLANG_WARN__DUPLICATE_METHOD_MATCH = YES;
				CODE_SIGN_IDENTITY = "iPhone Developer";
				COPY_PHASE_STRIP = NO;
				DEBUG_INFORMATION_FORMAT = "dwarf-with-dsym";
				ENABLE_NS_ASSERTIONS = NO;
				ENABLE_STRICT_OBJC_MSGSEND = YES;
				GCC_C_LANGUAGE_STANDARD = gnu11;
				GCC_NO_COMMON_BLOCKS = YES;
				GCC_WARN_64_TO_32_BIT_CONVERSION = YES;
				GCC_WARN_ABOUT_RETURN_TYPE = YES_ERROR;
				GCC_WARN_UNDECLARED_SELECTOR = YES;
				GCC_WARN_UNINITIALIZED_AUTOS = YES_AGGRESSIVE;
				GCC_WARN_UNUSED_FUNCTION = YES;
				GCC_WARN_UNUSED_VARIABLE = YES;
				IPHONEOS_DEPLOYMENT_TARGET = 12.2;
				MTL_ENABLE_DEBUG_INFO = NO;
				MTL_FAST_MATH = YES;
				SDKROOT = iphoneos;
				SWIFT_COMPILATION_MODE = wholemodule;
				SWIFT_OPTIMIZATION_LEVEL = "-O";
				VALIDATE_PRODUCT = YES;
			};
			name = Release;
		};
		28C06794224FA6170011F052 /* Debug */ = {
			isa = XCBuildConfiguration;
			baseConfigurationReference = 61ECD04176779E4E71059C50 /* Pods-XZKitExample.debug.xcconfig */;
			buildSettings = {
				CODE_SIGN_STYLE = Manual;
				DEVELOPMENT_TEAM = MGP5RF9XXP;
				INFOPLIST_FILE = XZKitExample/Info.plist;
				IPHONEOS_DEPLOYMENT_TARGET = 8.0;
				LD_RUNPATH_SEARCH_PATHS = (
					"$(inherited)",
					"@executable_path/Frameworks",
				);
				PRODUCT_BUNDLE_IDENTIFIER = com.xezun.example.XZKit;
				PRODUCT_NAME = "$(TARGET_NAME)";
				PROVISIONING_PROFILE_SPECIFIER = "Xezun Wildcard Development";
				SWIFT_VERSION = 5.0;
				TARGETED_DEVICE_FAMILY = 1;
			};
			name = Debug;
		};
		28C06795224FA6170011F052 /* Release */ = {
			isa = XCBuildConfiguration;
			baseConfigurationReference = A7F05B4B91A337F7D4D2B711 /* Pods-XZKitExample.release.xcconfig */;
			buildSettings = {
				CODE_SIGN_STYLE = Manual;
				DEVELOPMENT_TEAM = MGP5RF9XXP;
				INFOPLIST_FILE = XZKitExample/Info.plist;
				IPHONEOS_DEPLOYMENT_TARGET = 8.0;
				LD_RUNPATH_SEARCH_PATHS = (
					"$(inherited)",
					"@executable_path/Frameworks",
				);
				PRODUCT_BUNDLE_IDENTIFIER = com.xezun.example.XZKit;
				PRODUCT_NAME = "$(TARGET_NAME)";
				PROVISIONING_PROFILE_SPECIFIER = "Xezun Wildcard Development";
				SWIFT_VERSION = 5.0;
				TARGETED_DEVICE_FAMILY = 1;
			};
			name = Release;
		};
/* End XCBuildConfiguration section */

/* Begin XCConfigurationList section */
		28C0677C224FA6160011F052 /* Build configuration list for PBXProject "XZKitExample" */ = {
			isa = XCConfigurationList;
			buildConfigurations = (
				28C06791224FA6170011F052 /* Debug */,
				28C06792224FA6170011F052 /* Release */,
			);
			defaultConfigurationIsVisible = 0;
			defaultConfigurationName = Release;
		};
		28C06793224FA6170011F052 /* Build configuration list for PBXNativeTarget "XZKitExample" */ = {
			isa = XCConfigurationList;
			buildConfigurations = (
				28C06794224FA6170011F052 /* Debug */,
				28C06795224FA6170011F052 /* Release */,
			);
			defaultConfigurationIsVisible = 0;
			defaultConfigurationName = Release;
		};
/* End XCConfigurationList section */
	};
	rootObject = 28C06779224FA6160011F052 /* Project object */;
}
