// !$*UTF8*$!
{
	archiveVersion = 1;
	classes = {
	};
	objectVersion = 51;
	objects = {

/* Begin PBXBuildFile section */
		2826CB6A224CF37A007A2F04 /* AppDelegate.swift in Sources */ = {isa = PBXBuildFile; fileRef = 2826CB69224CF37A007A2F04 /* AppDelegate.swift */; };
		2826CB6C224CF37A007A2F04 /* ViewController.swift in Sources */ = {isa = PBXBuildFile; fileRef = 2826CB6B224CF37A007A2F04 /* ViewController.swift */; };
		2826CB6F224CF37A007A2F04 /* Main.storyboard in Resources */ = {isa = PBXBuildFile; fileRef = 2826CB6D224CF37A007A2F04 /* Main.storyboard */; };
		2826CB71224CF37C007A2F04 /* Assets.xcassets in Resources */ = {isa = PBXBuildFile; fileRef = 2826CB70224CF37C007A2F04 /* Assets.xcassets */; };
		2826CB74224CF37C007A2F04 /* LaunchScreen.storyboard in Resources */ = {isa = PBXBuildFile; fileRef = 2826CB72224CF37C007A2F04 /* LaunchScreen.storyboard */; };
		FDAAEF188BF9D4F148D6D816 /* Pods_CacheManagerExample.framework in Frameworks */ = {isa = PBXBuildFile; fileRef = 8C4C77DDCE83584A1A58C9E3 /* Pods_CacheManagerExample.framework */; };
/* End PBXBuildFile section */

/* Begin PBXFileReference section */
		17C415D3DF1F16AC71D160C5 /* Pods-CacheManagerExample.release.xcconfig */ = {isa = PBXFileReference; includeInIndex = 1; lastKnownFileType = text.xcconfig; name = "Pods-CacheManagerExample.release.xcconfig"; path = "../../CacheManagerExample/Pods/Pods/Target Support Files/Pods-CacheManagerExample/Pods-CacheManagerExample.release.xcconfig"; sourceTree = "<group>"; };
		2826CB66224CF37A007A2F04 /* CacheManagerExample.app */ = {isa = PBXFileReference; explicitFileType = wrapper.application; includeInIndex = 0; path = CacheManagerExample.app; sourceTree = BUILT_PRODUCTS_DIR; };
		2826CB69224CF37A007A2F04 /* AppDelegate.swift */ = {isa = PBXFileReference; lastKnownFileType = sourcecode.swift; path = AppDelegate.swift; sourceTree = "<group>"; };
		2826CB6B224CF37A007A2F04 /* ViewController.swift */ = {isa = PBXFileReference; lastKnownFileType = sourcecode.swift; path = ViewController.swift; sourceTree = "<group>"; };
		2826CB6E224CF37A007A2F04 /* Base */ = {isa = PBXFileReference; lastKnownFileType = file.storyboard; name = Base; path = Base.lproj/Main.storyboard; sourceTree = "<group>"; };
		2826CB70224CF37C007A2F04 /* Assets.xcassets */ = {isa = PBXFileReference; lastKnownFileType = folder.assetcatalog; path = Assets.xcassets; sourceTree = "<group>"; };
		2826CB73224CF37C007A2F04 /* Base */ = {isa = PBXFileReference; lastKnownFileType = file.storyboard; name = Base; path = Base.lproj/LaunchScreen.storyboard; sourceTree = "<group>"; };
		2826CB75224CF37C007A2F04 /* Info.plist */ = {isa = PBXFileReference; lastKnownFileType = text.plist.xml; path = Info.plist; sourceTree = "<group>"; };
		70D43FE01C62E97142FC055E /* Pods-CacheManagerExample.debug.xcconfig */ = {isa = PBXFileReference; includeInIndex = 1; lastKnownFileType = text.xcconfig; name = "Pods-CacheManagerExample.debug.xcconfig"; path = "../../CacheManagerExample/Pods/Pods/Target Support Files/Pods-CacheManagerExample/Pods-CacheManagerExample.debug.xcconfig"; sourceTree = "<group>"; };
		8C4C77DDCE83584A1A58C9E3 /* Pods_CacheManagerExample.framework */ = {isa = PBXFileReference; explicitFileType = wrapper.framework; includeInIndex = 0; path = Pods_CacheManagerExample.framework; sourceTree = BUILT_PRODUCTS_DIR; };
/* End PBXFileReference section */

/* Begin PBXFrameworksBuildPhase section */
		2826CB63224CF37A007A2F04 /* Frameworks */ = {
			isa = PBXFrameworksBuildPhase;
			buildActionMask = 2147483647;
			files = (
				FDAAEF188BF9D4F148D6D816 /* Pods_CacheManagerExample.framework in Frameworks */,
			);
			runOnlyForDeploymentPostprocessing = 0;
		};
/* End PBXFrameworksBuildPhase section */

/* Begin PBXGroup section */
		2826CB5D224CF37A007A2F04 = {
			isa = PBXGroup;
			children = (
				2826CB68224CF37A007A2F04 /* CacheManagerExample */,
				2826CB67224CF37A007A2F04 /* Products */,
				6E9026B185AA09E584017763 /* Pods */,
				534552A5FD2F75237B93F2CC /* Frameworks */,
			);
			sourceTree = "<group>";
		};
		2826CB67224CF37A007A2F04 /* Products */ = {
			isa = PBXGroup;
			children = (
				2826CB66224CF37A007A2F04 /* CacheManagerExample.app */,
			);
			name = Products;
			sourceTree = "<group>";
		};
		2826CB68224CF37A007A2F04 /* CacheManagerExample */ = {
			isa = PBXGroup;
			children = (
				2826CB69224CF37A007A2F04 /* AppDelegate.swift */,
				2826CB6B224CF37A007A2F04 /* ViewController.swift */,
				2826CB6D224CF37A007A2F04 /* Main.storyboard */,
				2826CB70224CF37C007A2F04 /* Assets.xcassets */,
				2826CB72224CF37C007A2F04 /* LaunchScreen.storyboard */,
				2826CB75224CF37C007A2F04 /* Info.plist */,
			);
			path = CacheManagerExample;
			sourceTree = "<group>";
		};
		534552A5FD2F75237B93F2CC /* Frameworks */ = {
			isa = PBXGroup;
			children = (
				8C4C77DDCE83584A1A58C9E3 /* Pods_CacheManagerExample.framework */,
			);
			name = Frameworks;
			sourceTree = "<group>";
		};
		6E9026B185AA09E584017763 /* Pods */ = {
			isa = PBXGroup;
			children = (
				70D43FE01C62E97142FC055E /* Pods-CacheManagerExample.debug.xcconfig */,
				17C415D3DF1F16AC71D160C5 /* Pods-CacheManagerExample.release.xcconfig */,
			);
			name = Pods;
			path = ../../Pods/Pods;
			sourceTree = "<group>";
		};
/* End PBXGroup section */

/* Begin PBXNativeTarget section */
		2826CB65224CF37A007A2F04 /* CacheManagerExample */ = {
			isa = PBXNativeTarget;
			buildConfigurationList = 2826CB78224CF37C007A2F04 /* Build configuration list for PBXNativeTarget "CacheManagerExample" */;
			buildPhases = (
				DCB2BB92D6C512410C6EDEED /* [CP] Check Pods Manifest.lock */,
				2826CB62224CF37A007A2F04 /* Sources */,
				2826CB63224CF37A007A2F04 /* Frameworks */,
				2826CB64224CF37A007A2F04 /* Resources */,
				1F17D611FB0CAB546CDCCA6A /* [CP] Embed Pods Frameworks */,
			);
			buildRules = (
			);
			dependencies = (
			);
			name = CacheManagerExample;
			productName = CacheManagerExample;
			productReference = 2826CB66224CF37A007A2F04 /* CacheManagerExample.app */;
			productType = "com.apple.product-type.application";
		};
/* End PBXNativeTarget section */

/* Begin PBXProject section */
		2826CB5E224CF37A007A2F04 /* Project object */ = {
			isa = PBXProject;
			attributes = {
				LastSwiftUpdateCheck = 1020;
				LastUpgradeCheck = 1020;
				ORGANIZATIONNAME = mlibai;
				TargetAttributes = {
					2826CB65224CF37A007A2F04 = {
						CreatedOnToolsVersion = 10.2;
					};
				};
			};
			buildConfigurationList = 2826CB61224CF37A007A2F04 /* Build configuration list for PBXProject "CacheManagerExample" */;
			compatibilityVersion = "Xcode 9.3";
			developmentRegion = en;
			hasScannedForEncodings = 0;
			knownRegions = (
				en,
				Base,
			);
			mainGroup = 2826CB5D224CF37A007A2F04;
			productRefGroup = 2826CB67224CF37A007A2F04 /* Products */;
			projectDirPath = "";
			projectRoot = "";
			targets = (
				2826CB65224CF37A007A2F04 /* CacheManagerExample */,
			);
		};
/* End PBXProject section */

/* Begin PBXResourcesBuildPhase section */
		2826CB64224CF37A007A2F04 /* Resources */ = {
			isa = PBXResourcesBuildPhase;
			buildActionMask = 2147483647;
			files = (
				2826CB74224CF37C007A2F04 /* LaunchScreen.storyboard in Resources */,
				2826CB71224CF37C007A2F04 /* Assets.xcassets in Resources */,
				2826CB6F224CF37A007A2F04 /* Main.storyboard in Resources */,
			);
			runOnlyForDeploymentPostprocessing = 0;
		};
/* End PBXResourcesBuildPhase section */

/* Begin PBXShellScriptBuildPhase section */
		1F17D611FB0CAB546CDCCA6A /* [CP] Embed Pods Frameworks */ = {
			isa = PBXShellScriptBuildPhase;
			buildActionMask = 2147483647;
			files = (
			);
			inputFileListPaths = (
				"${PODS_ROOT}/Target Support Files/Pods-CacheManagerExample/Pods-CacheManagerExample-frameworks-${CONFIGURATION}-input-files.xcfilelist",
			);
			name = "[CP] Embed Pods Frameworks";
			outputFileListPaths = (
				"${PODS_ROOT}/Target Support Files/Pods-CacheManagerExample/Pods-CacheManagerExample-frameworks-${CONFIGURATION}-output-files.xcfilelist",
			);
			runOnlyForDeploymentPostprocessing = 0;
			shellPath = /bin/sh;
			shellScript = "\"${PODS_ROOT}/Target Support Files/Pods-CacheManagerExample/Pods-CacheManagerExample-frameworks.sh\"\n";
			showEnvVarsInLog = 0;
		};
		DCB2BB92D6C512410C6EDEED /* [CP] Check Pods Manifest.lock */ = {
			isa = PBXShellScriptBuildPhase;
			buildActionMask = 2147483647;
			files = (
			);
			inputFileListPaths = (
			);
			inputPaths = (
				"${PODS_PODFILE_DIR_PATH}/Podfile.lock",
				"${PODS_ROOT}/Manifest.lock",
			);
			name = "[CP] Check Pods Manifest.lock";
			outputFileListPaths = (
			);
			outputPaths = (
				"$(DERIVED_FILE_DIR)/Pods-CacheManagerExample-checkManifestLockResult.txt",
			);
			runOnlyForDeploymentPostprocessing = 0;
			shellPath = /bin/sh;
			shellScript = "diff \"${PODS_PODFILE_DIR_PATH}/Podfile.lock\" \"${PODS_ROOT}/Manifest.lock\" > /dev/null\nif [ $? != 0 ] ; then\n    # print error to STDERR\n    echo \"error: The sandbox is not in sync with the Podfile.lock. Run 'pod install' or update your CocoaPods installation.\" >&2\n    exit 1\nfi\n# This output is used by Xcode 'outputs' to avoid re-running this script phase.\necho \"SUCCESS\" > \"${SCRIPT_OUTPUT_FILE_0}\"\n";
			showEnvVarsInLog = 0;
		};
/* End PBXShellScriptBuildPhase section */

/* Begin PBXSourcesBuildPhase section */
		2826CB62224CF37A007A2F04 /* Sources */ = {
			isa = PBXSourcesBuildPhase;
			buildActionMask = 2147483647;
			files = (
				2826CB6C224CF37A007A2F04 /* ViewController.swift in Sources */,
				2826CB6A224CF37A007A2F04 /* AppDelegate.swift in Sources */,
			);
			runOnlyForDeploymentPostprocessing = 0;
		};
/* End PBXSourcesBuildPhase section */

/* Begin PBXVariantGroup section */
		2826CB6D224CF37A007A2F04 /* Main.storyboard */ = {
			isa = PBXVariantGroup;
			children = (
				2826CB6E224CF37A007A2F04 /* Base */,
			);
			name = Main.storyboard;
			sourceTree = "<group>";
		};
		2826CB72224CF37C007A2F04 /* LaunchScreen.storyboard */ = {
			isa = PBXVariantGroup;
			children = (
				2826CB73224CF37C007A2F04 /* Base */,
			);
			name = LaunchScreen.storyboard;
			sourceTree = "<group>";
		};
/* End PBXVariantGroup section */

/* Begin XCBuildConfiguration section */
		2826CB76224CF37C007A2F04 /* Debug */ = {
			isa = XCBuildConfiguration;
			buildSettings = {
				ALWAYS_SEARCH_USER_PATHS = NO;
				CLANG_ANALYZER_NONNULL = YES;
				CLANG_ANALYZER_NUMBER_OBJECT_CONVERSION = YES_AGGRESSIVE;
				CLANG_CXX_LANGUAGE_STANDARD = "gnu++14";
				CLANG_CXX_LIBRARY = "libc++";
				CLANG_ENABLE_MODULES = YES;
				CLANG_ENABLE_OBJC_ARC = YES;
				CLANG_ENABLE_OBJC_WEAK = YES;
				CLANG_WARN_BLOCK_CAPTURE_AUTORELEASING = YES;
				CLANG_WARN_BOOL_CONVERSION = YES;
				CLANG_WARN_COMMA = YES;
				CLANG_WARN_CONSTANT_CONVERSION = YES;
				CLANG_WARN_DEPRECATED_OBJC_IMPLEMENTATIONS = YES;
				CLANG_WARN_DIRECT_OBJC_ISA_USAGE = YES_ERROR;
				CLANG_WARN_DOCUMENTATION_COMMENTS = YES;
				CLANG_WARN_EMPTY_BODY = YES;
				CLANG_WARN_ENUM_CONVERSION = YES;
				CLANG_WARN_INFINITE_RECURSION = YES;
				CLANG_WARN_INT_CONVERSION = YES;
				CLANG_WARN_NON_LITERAL_NULL_CONVERSION = YES;
				CLANG_WARN_OBJC_IMPLICIT_RETAIN_SELF = YES;
				CLANG_WARN_OBJC_LITERAL_CONVERSION = YES;
				CLANG_WARN_OBJC_ROOT_CLASS = YES_ERROR;
				CLANG_WARN_RANGE_LOOP_ANALYSIS = YES;
				CLANG_WARN_STRICT_PROTOTYPES = YES;
				CLANG_WARN_SUSPICIOUS_MOVE = YES;
				CLANG_WARN_UNGUARDED_AVAILABILITY = YES_AGGRESSIVE;
				CLANG_WARN_UNREACHABLE_CODE = YES;
				CLANG_WARN__DUPLICATE_METHOD_MATCH = YES;
				CODE_SIGN_IDENTITY = "iPhone Developer";
				COPY_PHASE_STRIP = NO;
				DEBUG_INFORMATION_FORMAT = dwarf;
				ENABLE_STRICT_OBJC_MSGSEND = YES;
				ENABLE_TESTABILITY = YES;
				GCC_C_LANGUAGE_STANDARD = gnu11;
				GCC_DYNAMIC_NO_PIC = NO;
				GCC_NO_COMMON_BLOCKS = YES;
				GCC_OPTIMIZATION_LEVEL = 0;
				GCC_PREPROCESSOR_DEFINITIONS = (
					"DEBUG=1",
					"$(inherited)",
				);
				GCC_WARN_64_TO_32_BIT_CONVERSION = YES;
				GCC_WARN_ABOUT_RETURN_TYPE = YES_ERROR;
				GCC_WARN_UNDECLARED_SELECTOR = YES;
				GCC_WARN_UNINITIALIZED_AUTOS = YES_AGGRESSIVE;
				GCC_WARN_UNUSED_FUNCTION = YES;
				GCC_WARN_UNUSED_VARIABLE = YES;
				IPHONEOS_DEPLOYMENT_TARGET = 12.2;
				MTL_ENABLE_DEBUG_INFO = INCLUDE_SOURCE;
				MTL_FAST_MATH = YES;
				ONLY_ACTIVE_ARCH = YES;
				SDKROOT = iphoneos;
				SWIFT_ACTIVE_COMPILATION_CONDITIONS = DEBUG;
				SWIFT_OPTIMIZATION_LEVEL = "-Onone";
			};
			name = Debug;
		};
		2826CB77224CF37C007A2F04 /* Release */ = {
			isa = XCBuildConfiguration;
			buildSettings = {
				ALWAYS_SEARCH_USER_PATHS = NO;
				CLANG_ANALYZER_NONNULL = YES;
				CLANG_ANALYZER_NUMBER_OBJECT_CONVERSION = YES_AGGRESSIVE;
				CLANG_CXX_LANGUAGE_STANDARD = "gnu++14";
				CLANG_CXX_LIBRARY = "libc++";
				CLANG_ENABLE_MODULES = YES;
				CLANG_ENABLE_OBJC_ARC = YES;
				CLANG_ENABLE_OBJC_WEAK = YES;
				CLANG_WARN_BLOCK_CAPTURE_AUTORELEASING = YES;
				CLANG_WARN_BOOL_CONVERSION = YES;
				CLANG_WARN_COMMA = YES;
				CLANG_WARN_CONSTANT_CONVERSION = YES;
				CLANG_WARN_DEPRECATED_OBJC_IMPLEMENTATIONS = YES;
				CLANG_WARN_DIRECT_OBJC_ISA_USAGE = YES_ERROR;
				CLANG_WARN_DOCUMENTATION_COMMENTS = YES;
				CLANG_WARN_EMPTY_BODY = YES;
				CLANG_WARN_ENUM_CONVERSION = YES;
				CLANG_WARN_INFINITE_RECURSION = YES;
				CLANG_WARN_INT_CONVERSION = YES;
				CLANG_WARN_NON_LITERAL_NULL_CONVERSION = YES;
				CLANG_WARN_OBJC_IMPLICIT_RETAIN_SELF = YES;
				CLANG_WARN_OBJC_LITERAL_CONVERSION = YES;
				CLANG_WARN_OBJC_ROOT_CLASS = YES_ERROR;
				CLANG_WARN_RANGE_LOOP_ANALYSIS = YES;
				CLANG_WARN_STRICT_PROTOTYPES = YES;
				CLANG_WARN_SUSPICIOUS_MOVE = YES;
				CLANG_WARN_UNGUARDED_AVAILABILITY = YES_AGGRESSIVE;
				CLANG_WARN_UNREACHABLE_CODE = YES;
				CLANG_WARN__DUPLICATE_METHOD_MATCH = YES;
				CODE_SIGN_IDENTITY = "iPhone Developer";
				COPY_PHASE_STRIP = NO;
				DEBUG_INFORMATION_FORMAT = "dwarf-with-dsym";
				ENABLE_NS_ASSERTIONS = NO;
				ENABLE_STRICT_OBJC_MSGSEND = YES;
				GCC_C_LANGUAGE_STANDARD = gnu11;
				GCC_NO_COMMON_BLOCKS = YES;
				GCC_WARN_64_TO_32_BIT_CONVERSION = YES;
				GCC_WARN_ABOUT_RETURN_TYPE = YES_ERROR;
				GCC_WARN_UNDECLARED_SELECTOR = YES;
				GCC_WARN_UNINITIALIZED_AUTOS = YES_AGGRESSIVE;
				GCC_WARN_UNUSED_FUNCTION = YES;
				GCC_WARN_UNUSED_VARIABLE = YES;
				IPHONEOS_DEPLOYMENT_TARGET = 12.2;
				MTL_ENABLE_DEBUG_INFO = NO;
				MTL_FAST_MATH = YES;
				SDKROOT = iphoneos;
				SWIFT_COMPILATION_MODE = wholemodule;
				SWIFT_OPTIMIZATION_LEVEL = "-O";
				VALIDATE_PRODUCT = YES;
			};
			name = Release;
		};
		2826CB79224CF37C007A2F04 /* Debug */ = {
			isa = XCBuildConfiguration;
			baseConfigurationReference = 70D43FE01C62E97142FC055E /* Pods-CacheManagerExample.debug.xcconfig */;
			buildSettings = {
				ASSETCATALOG_COMPILER_APPICON_NAME = AppIcon;
				CODE_SIGN_STYLE = Automatic;
				INFOPLIST_FILE = CacheManagerExample/Info.plist;
				LD_RUNPATH_SEARCH_PATHS = (
					"$(inherited)",
					"@executable_path/Frameworks",
				);
				PRODUCT_BUNDLE_IDENTIFIER = com.mlibai.example.CacheManager;
				PRODUCT_NAME = "$(TARGET_NAME)";
				SWIFT_VERSION = 5.0;
				TARGETED_DEVICE_FAMILY = "1,2";
			};
			name = Debug;
		};
		2826CB7A224CF37C007A2F04 /* Release */ = {
			isa = XCBuildConfiguration;
			baseConfigurationReference = 17C415D3DF1F16AC71D160C5 /* Pods-CacheManagerExample.release.xcconfig */;
			buildSettings = {
				ASSETCATALOG_COMPILER_APPICON_NAME = AppIcon;
				CODE_SIGN_STYLE = Automatic;
				INFOPLIST_FILE = CacheManagerExample/Info.plist;
				LD_RUNPATH_SEARCH_PATHS = (
					"$(inherited)",
					"@executable_path/Frameworks",
				);
				PRODUCT_BUNDLE_IDENTIFIER = com.mlibai.example.CacheManager;
				PRODUCT_NAME = "$(TARGET_NAME)";
				SWIFT_VERSION = 5.0;
				TARGETED_DEVICE_FAMILY = "1,2";
			};
			name = Release;
		};
/* End XCBuildConfiguration section */

/* Begin XCConfigurationList section */
		2826CB61224CF37A007A2F04 /* Build configuration list for PBXProject "CacheManagerExample" */ = {
			isa = XCConfigurationList;
			buildConfigurations = (
				2826CB76224CF37C007A2F04 /* Debug */,
				2826CB77224CF37C007A2F04 /* Release */,
			);
			defaultConfigurationIsVisible = 0;
			defaultConfigurationName = Release;
		};
		2826CB78224CF37C007A2F04 /* Build configuration list for PBXNativeTarget "CacheManagerExample" */ = {
			isa = XCConfigurationList;
			buildConfigurations = (
				2826CB79224CF37C007A2F04 /* Debug */,
				2826CB7A224CF37C007A2F04 /* Release */,
			);
			defaultConfigurationIsVisible = 0;
			defaultConfigurationName = Release;
		};
/* End XCConfigurationList section */
	};
	rootObject = 2826CB5E224CF37A007A2F04 /* Project object */;
}
