// !$*UTF8*$!
{
	archiveVersion = 1;
	classes = {
	};
	objectVersion = 51;
	objects = {

/* Begin PBXBuildFile section */
		28B42B30224F3E2200845EA3 /* AppDelegate.swift in Sources */ = {isa = PBXBuildFile; fileRef = 28B42B2F224F3E2200845EA3 /* AppDelegate.swift */; };
		28B42B32224F3E2200845EA3 /* ViewController.swift in Sources */ = {isa = PBXBuildFile; fileRef = 28B42B31224F3E2200845EA3 /* ViewController.swift */; };
		28B42B35224F3E2200845EA3 /* Main.storyboard in Resources */ = {isa = PBXBuildFile; fileRef = 28B42B33224F3E2200845EA3 /* Main.storyboard */; };
		28B42B37224F3E2200845EA3 /* Assets.xcassets in Resources */ = {isa = PBXBuildFile; fileRef = 28B42B36224F3E2200845EA3 /* Assets.xcassets */; };
		28B42B3A224F3E2200845EA3 /* LaunchScreen.storyboard in Resources */ = {isa = PBXBuildFile; fileRef = 28B42B38224F3E2200845EA3 /* LaunchScreen.storyboard */; };
		CCFF2D7CF3A60943DF79D6DF /* Pods_XZKitExamples_DataDigesterExample.framework in Frameworks */ = {isa = PBXBuildFile; fileRef = D885839F7D1C769A2442F70D /* Pods_XZKitExamples_DataDigesterExample.framework */; };
/* End PBXBuildFile section */

/* Begin PBXFileReference section */
		28B42B2C224F3E2200845EA3 /* DataDigesterExample.app */ = {isa = PBXFileReference; explicitFileType = wrapper.application; includeInIndex = 0; path = DataDigesterExample.app; sourceTree = BUILT_PRODUCTS_DIR; };
		28B42B2F224F3E2200845EA3 /* AppDelegate.swift */ = {isa = PBXFileReference; lastKnownFileType = sourcecode.swift; path = AppDelegate.swift; sourceTree = "<group>"; };
		28B42B31224F3E2200845EA3 /* ViewController.swift */ = {isa = PBXFileReference; lastKnownFileType = sourcecode.swift; path = ViewController.swift; sourceTree = "<group>"; };
		28B42B34224F3E2200845EA3 /* Base */ = {isa = PBXFileReference; lastKnownFileType = file.storyboard; name = Base; path = Base.lproj/Main.storyboard; sourceTree = "<group>"; };
		28B42B36224F3E2200845EA3 /* Assets.xcassets */ = {isa = PBXFileReference; lastKnownFileType = folder.assetcatalog; path = Assets.xcassets; sourceTree = "<group>"; };
		28B42B39224F3E2200845EA3 /* Base */ = {isa = PBXFileReference; lastKnownFileType = file.storyboard; name = Base; path = Base.lproj/LaunchScreen.storyboard; sourceTree = "<group>"; };
		28B42B3B224F3E2200845EA3 /* Info.plist */ = {isa = PBXFileReference; lastKnownFileType = text.plist.xml; path = Info.plist; sourceTree = "<group>"; };
		D885839F7D1C769A2442F70D /* Pods_XZKitExamples_DataDigesterExample.framework */ = {isa = PBXFileReference; explicitFileType = wrapper.framework; includeInIndex = 0; path = Pods_XZKitExamples_DataDigesterExample.framework; sourceTree = BUILT_PRODUCTS_DIR; };
/* End PBXFileReference section */

/* Begin PBXFrameworksBuildPhase section */
		28B42B29224F3E2200845EA3 /* Frameworks */ = {
			isa = PBXFrameworksBuildPhase;
			buildActionMask = 2147483647;
			files = (
				CCFF2D7CF3A60943DF79D6DF /* Pods_XZKitExamples_DataDigesterExample.framework in Frameworks */,
			);
			runOnlyForDeploymentPostprocessing = 0;
		};
/* End PBXFrameworksBuildPhase section */

/* Begin PBXGroup section */
		28B42B23224F3E2200845EA3 = {
			isa = PBXGroup;
			children = (
				28B42B2E224F3E2200845EA3 /* DataDigesterExample */,
				28B42B2D224F3E2200845EA3 /* Products */,
				405F5AE0E27E1822E6A1C22C /* Pods */,
				941593D002042DA01D572081 /* Frameworks */,
			);
			sourceTree = "<group>";
		};
		28B42B2D224F3E2200845EA3 /* Products */ = {
			isa = PBXGroup;
			children = (
				28B42B2C224F3E2200845EA3 /* DataDigesterExample.app */,
			);
			name = Products;
			sourceTree = "<group>";
		};
		28B42B2E224F3E2200845EA3 /* DataDigesterExample */ = {
			isa = PBXGroup;
			children = (
				28B42B2F224F3E2200845EA3 /* AppDelegate.swift */,
				28B42B31224F3E2200845EA3 /* ViewController.swift */,
				28B42B33224F3E2200845EA3 /* Main.storyboard */,
				28B42B36224F3E2200845EA3 /* Assets.xcassets */,
				28B42B38224F3E2200845EA3 /* LaunchScreen.storyboard */,
				28B42B3B224F3E2200845EA3 /* Info.plist */,
			);
			path = DataDigesterExample;
			sourceTree = "<group>";
		};
		405F5AE0E27E1822E6A1C22C /* Pods */ = {
			isa = PBXGroup;
			children = (
			);
			name = Pods;
			path = ../../Pods/Pods;
			sourceTree = "<group>";
		};
		941593D002042DA01D572081 /* Frameworks */ = {
			isa = PBXGroup;
			children = (
				D885839F7D1C769A2442F70D /* Pods_XZKitExamples_DataDigesterExample.framework */,
			);
			name = Frameworks;
			sourceTree = "<group>";
		};
/* End PBXGroup section */

/* Begin PBXNativeTarget section */
		28B42B2B224F3E2200845EA3 /* DataDigesterExample */ = {
			isa = PBXNativeTarget;
			buildConfigurationList = 28B42B3E224F3E2200845EA3 /* Build configuration list for PBXNativeTarget "DataDigesterExample" */;
			buildPhases = (
				0F0A9A9AA18967D5D19208E8 /* [CP] Check Pods Manifest.lock */,
				28B42B28224F3E2200845EA3 /* Sources */,
				28B42B29224F3E2200845EA3 /* Frameworks */,
				28B42B2A224F3E2200845EA3 /* Resources */,
				D5A4EEFF953F21B2FC2EC568 /* [CP] Embed Pods Frameworks */,
			);
			buildRules = (
			);
			dependencies = (
			);
			name = DataDigesterExample;
			productName = DataDigesterExample;
			productReference = 28B42B2C224F3E2200845EA3 /* DataDigesterExample.app */;
			productType = "com.apple.product-type.application";
		};
/* End PBXNativeTarget section */

/* Begin PBXProject section */
		28B42B24224F3E2200845EA3 /* Project object */ = {
			isa = PBXProject;
			attributes = {
				LastSwiftUpdateCheck = 1020;
				LastUpgradeCheck = 1020;
				ORGANIZATIONNAME = mlibai;
				TargetAttributes = {
					28B42B2B224F3E2200845EA3 = {
						CreatedOnToolsVersion = 10.2;
					};
				};
			};
			buildConfigurationList = 28B42B27224F3E2200845EA3 /* Build configuration list for PBXProject "DataDigesterExample" */;
			compatibilityVersion = "Xcode 9.3";
			developmentRegion = en;
			hasScannedForEncodings = 0;
			knownRegions = (
				en,
				Base,
			);
			mainGroup = 28B42B23224F3E2200845EA3;
			productRefGroup = 28B42B2D224F3E2200845EA3 /* Products */;
			projectDirPath = "";
			projectRoot = "";
			targets = (
				28B42B2B224F3E2200845EA3 /* DataDigesterExample */,
			);
		};
/* End PBXProject section */

/* Begin PBXResourcesBuildPhase section */
		28B42B2A224F3E2200845EA3 /* Resources */ = {
			isa = PBXResourcesBuildPhase;
			buildActionMask = 2147483647;
			files = (
				28B42B3A224F3E2200845EA3 /* LaunchScreen.storyboard in Resources */,
				28B42B37224F3E2200845EA3 /* Assets.xcassets in Resources */,
				28B42B35224F3E2200845EA3 /* Main.storyboard in Resources */,
			);
			runOnlyForDeploymentPostprocessing = 0;
		};
/* End PBXResourcesBuildPhase section */

/* Begin PBXShellScriptBuildPhase section */
		0F0A9A9AA18967D5D19208E8 /* [CP] Check Pods Manifest.lock */ = {
			isa = PBXShellScriptBuildPhase;
			buildActionMask = 2147483647;
			files = (
			);
			inputFileListPaths = (
			);
			inputPaths = (
				"${PODS_PODFILE_DIR_PATH}/Podfile.lock",
				"${PODS_ROOT}/Manifest.lock",
			);
			name = "[CP] Check Pods Manifest.lock";
			outputFileListPaths = (
			);
			outputPaths = (
				"$(DERIVED_FILE_DIR)/Pods-XZKitExamples-DataDigesterExample-checkManifestLockResult.txt",
			);
			runOnlyForDeploymentPostprocessing = 0;
			shellPath = /bin/sh;
			shellScript = "diff \"${PODS_PODFILE_DIR_PATH}/Podfile.lock\" \"${PODS_ROOT}/Manifest.lock\" > /dev/null\nif [ $? != 0 ] ; then\n    # print error to STDERR\n    echo \"error: The sandbox is not in sync with the Podfile.lock. Run 'pod install' or update your CocoaPods installation.\" >&2\n    exit 1\nfi\n# This output is used by Xcode 'outputs' to avoid re-running this script phase.\necho \"SUCCESS\" > \"${SCRIPT_OUTPUT_FILE_0}\"\n";
			showEnvVarsInLog = 0;
		};
		D5A4EEFF953F21B2FC2EC568 /* [CP] Embed Pods Frameworks */ = {
			isa = PBXShellScriptBuildPhase;
			buildActionMask = 2147483647;
			files = (
			);
			inputFileListPaths = (
				"${PODS_ROOT}/Target Support Files/Pods-XZKitExamples-DataDigesterExample/Pods-XZKitExamples-DataDigesterExample-frameworks-${CONFIGURATION}-input-files.xcfilelist",
			);
			name = "[CP] Embed Pods Frameworks";
			outputFileListPaths = (
				"${PODS_ROOT}/Target Support Files/Pods-XZKitExamples-DataDigesterExample/Pods-XZKitExamples-DataDigesterExample-frameworks-${CONFIGURATION}-output-files.xcfilelist",
			);
			runOnlyForDeploymentPostprocessing = 0;
			shellPath = /bin/sh;
			shellScript = "\"${PODS_ROOT}/Target Support Files/Pods-XZKitExamples-DataDigesterExample/Pods-XZKitExamples-DataDigesterExample-frameworks.sh\"\n";
			showEnvVarsInLog = 0;
		};
/* End PBXShellScriptBuildPhase section */

/* Begin PBXSourcesBuildPhase section */
		28B42B28224F3E2200845EA3 /* Sources */ = {
			isa = PBXSourcesBuildPhase;
			buildActionMask = 2147483647;
			files = (
				28B42B32224F3E2200845EA3 /* ViewController.swift in Sources */,
				28B42B30224F3E2200845EA3 /* AppDelegate.swift in Sources */,
			);
			runOnlyForDeploymentPostprocessing = 0;
		};
/* End PBXSourcesBuildPhase section */

/* Begin PBXVariantGroup section */
		28B42B33224F3E2200845EA3 /* Main.storyboard */ = {
			isa = PBXVariantGroup;
			children = (
				28B42B34224F3E2200845EA3 /* Base */,
			);
			name = Main.storyboard;
			sourceTree = "<group>";
		};
		28B42B38224F3E2200845EA3 /* LaunchScreen.storyboard */ = {
			isa = PBXVariantGroup;
			children = (
				28B42B39224F3E2200845EA3 /* Base */,
			);
			name = LaunchScreen.storyboard;
			sourceTree = "<group>";
		};
/* End PBXVariantGroup section */

/* Begin XCBuildConfiguration section */
		28B42B3C224F3E2200845EA3 /* Debug */ = {
			isa = XCBuildConfiguration;
			buildSettings = {
				ALWAYS_SEARCH_USER_PATHS = NO;
				CLANG_ANALYZER_NONNULL = YES;
				CLANG_ANALYZER_NUMBER_OBJECT_CONVERSION = YES_AGGRESSIVE;
				CLANG_CXX_LANGUAGE_STANDARD = "gnu++14";
				CLANG_CXX_LIBRARY = "libc++";
				CLANG_ENABLE_MODULES = YES;
				CLANG_ENABLE_OBJC_ARC = YES;
				CLANG_ENABLE_OBJC_WEAK = YES;
				CLANG_WARN_BLOCK_CAPTURE_AUTORELEASING = YES;
				CLANG_WARN_BOOL_CONVERSION = YES;
				CLANG_WARN_COMMA = YES;
				CLANG_WARN_CONSTANT_CONVERSION = YES;
				CLANG_WARN_DEPRECATED_OBJC_IMPLEMENTATIONS = YES;
				CLANG_WARN_DIRECT_OBJC_ISA_USAGE = YES_ERROR;
				CLANG_WARN_DOCUMENTATION_COMMENTS = YES;
				CLANG_WARN_EMPTY_BODY = YES;
				CLANG_WARN_ENUM_CONVERSION = YES;
				CLANG_WARN_INFINITE_RECURSION = YES;
				CLANG_WARN_INT_CONVERSION = YES;
				CLANG_WARN_NON_LITERAL_NULL_CONVERSION = YES;
				CLANG_WARN_OBJC_IMPLICIT_RETAIN_SELF = YES;
				CLANG_WARN_OBJC_LITERAL_CONVERSION = YES;
				CLANG_WARN_OBJC_ROOT_CLASS = YES_ERROR;
				CLANG_WARN_RANGE_LOOP_ANALYSIS = YES;
				CLANG_WARN_STRICT_PROTOTYPES = YES;
				CLANG_WARN_SUSPICIOUS_MOVE = YES;
				CLANG_WARN_UNGUARDED_AVAILABILITY = YES_AGGRESSIVE;
				CLANG_WARN_UNREACHABLE_CODE = YES;
				CLANG_WARN__DUPLICATE_METHOD_MATCH = YES;
				CODE_SIGN_IDENTITY = "iPhone Developer";
				COPY_PHASE_STRIP = NO;
				DEBUG_INFORMATION_FORMAT = dwarf;
				ENABLE_STRICT_OBJC_MSGSEND = YES;
				ENABLE_TESTABILITY = YES;
				GCC_C_LANGUAGE_STANDARD = gnu11;
				GCC_DYNAMIC_NO_PIC = NO;
				GCC_NO_COMMON_BLOCKS = YES;
				GCC_OPTIMIZATION_LEVEL = 0;
				GCC_PREPROCESSOR_DEFINITIONS = (
					"DEBUG=1",
					"$(inherited)",
				);
				GCC_WARN_64_TO_32_BIT_CONVERSION = YES;
				GCC_WARN_ABOUT_RETURN_TYPE = YES_ERROR;
				GCC_WARN_UNDECLARED_SELECTOR = YES;
				GCC_WARN_UNINITIALIZED_AUTOS = YES_AGGRESSIVE;
				GCC_WARN_UNUSED_FUNCTION = YES;
				GCC_WARN_UNUSED_VARIABLE = YES;
				IPHONEOS_DEPLOYMENT_TARGET = 12.2;
				MTL_ENABLE_DEBUG_INFO = INCLUDE_SOURCE;
				MTL_FAST_MATH = YES;
				ONLY_ACTIVE_ARCH = YES;
				SDKROOT = iphoneos;
				SWIFT_ACTIVE_COMPILATION_CONDITIONS = DEBUG;
				SWIFT_OPTIMIZATION_LEVEL = "-Onone";
			};
			name = Debug;
		};
		28B42B3D224F3E2200845EA3 /* Release */ = {
			isa = XCBuildConfiguration;
			buildSettings = {
				ALWAYS_SEARCH_USER_PATHS = NO;
				CLANG_ANALYZER_NONNULL = YES;
				CLANG_ANALYZER_NUMBER_OBJECT_CONVERSION = YES_AGGRESSIVE;
				CLANG_CXX_LANGUAGE_STANDARD = "gnu++14";
				CLANG_CXX_LIBRARY = "libc++";
				CLANG_ENABLE_MODULES = YES;
				CLANG_ENABLE_OBJC_ARC = YES;
				CLANG_ENABLE_OBJC_WEAK = YES;
				CLANG_WARN_BLOCK_CAPTURE_AUTORELEASING = YES;
				CLANG_WARN_BOOL_CONVERSION = YES;
				CLANG_WARN_COMMA = YES;
				CLANG_WARN_CONSTANT_CONVERSION = YES;
				CLANG_WARN_DEPRECATED_OBJC_IMPLEMENTATIONS = YES;
				CLANG_WARN_DIRECT_OBJC_ISA_USAGE = YES_ERROR;
				CLANG_WARN_DOCUMENTATION_COMMENTS = YES;
				CLANG_WARN_EMPTY_BODY = YES;
				CLANG_WARN_ENUM_CONVERSION = YES;
				CLANG_WARN_INFINITE_RECURSION = YES;
				CLANG_WARN_INT_CONVERSION = YES;
				CLANG_WARN_NON_LITERAL_NULL_CONVERSION = YES;
				CLANG_WARN_OBJC_IMPLICIT_RETAIN_SELF = YES;
				CLANG_WARN_OBJC_LITERAL_CONVERSION = YES;
				CLANG_WARN_OBJC_ROOT_CLASS = YES_ERROR;
				CLANG_WARN_RANGE_LOOP_ANALYSIS = YES;
				CLANG_WARN_STRICT_PROTOTYPES = YES;
				CLANG_WARN_SUSPICIOUS_MOVE = YES;
				CLANG_WARN_UNGUARDED_AVAILABILITY = YES_AGGRESSIVE;
				CLANG_WARN_UNREACHABLE_CODE = YES;
				CLANG_WARN__DUPLICATE_METHOD_MATCH = YES;
				CODE_SIGN_IDENTITY = "iPhone Developer";
				COPY_PHASE_STRIP = NO;
				DEBUG_INFORMATION_FORMAT = "dwarf-with-dsym";
				ENABLE_NS_ASSERTIONS = NO;
				ENABLE_STRICT_OBJC_MSGSEND = YES;
				GCC_C_LANGUAGE_STANDARD = gnu11;
				GCC_NO_COMMON_BLOCKS = YES;
				GCC_WARN_64_TO_32_BIT_CONVERSION = YES;
				GCC_WARN_ABOUT_RETURN_TYPE = YES_ERROR;
				GCC_WARN_UNDECLARED_SELECTOR = YES;
				GCC_WARN_UNINITIALIZED_AUTOS = YES_AGGRESSIVE;
				GCC_WARN_UNUSED_FUNCTION = YES;
				GCC_WARN_UNUSED_VARIABLE = YES;
				IPHONEOS_DEPLOYMENT_TARGET = 12.2;
				MTL_ENABLE_DEBUG_INFO = NO;
				MTL_FAST_MATH = YES;
				SDKROOT = iphoneos;
				SWIFT_COMPILATION_MODE = wholemodule;
				SWIFT_OPTIMIZATION_LEVEL = "-O";
				VALIDATE_PRODUCT = YES;
			};
			name = Release;
		};
		28B42B3F224F3E2200845EA3 /* Debug */ = {
			isa = XCBuildConfiguration;
			buildSettings = {
				ASSETCATALOG_COMPILER_APPICON_NAME = AppIcon;
				CODE_SIGN_STYLE = Automatic;
				INFOPLIST_FILE = DataDigesterExample/Info.plist;
				LD_RUNPATH_SEARCH_PATHS = (
					"$(inherited)",
					"@executable_path/Frameworks",
				);
				PRODUCT_BUNDLE_IDENTIFIER = com.mlibai.example.DataDigester;
				PRODUCT_NAME = "$(TARGET_NAME)";
				SWIFT_VERSION = 5.0;
				TARGETED_DEVICE_FAMILY = "1,2";
			};
			name = Debug;
		};
		28B42B40224F3E2200845EA3 /* Release */ = {
			isa = XCBuildConfiguration;
			buildSettings = {
				ASSETCATALOG_COMPILER_APPICON_NAME = AppIcon;
				CODE_SIGN_STYLE = Automatic;
				INFOPLIST_FILE = DataDigesterExample/Info.plist;
				LD_RUNPATH_SEARCH_PATHS = (
					"$(inherited)",
					"@executable_path/Frameworks",
				);
				PRODUCT_BUNDLE_IDENTIFIER = com.mlibai.example.DataDigester;
				PRODUCT_NAME = "$(TARGET_NAME)";
				SWIFT_VERSION = 5.0;
				TARGETED_DEVICE_FAMILY = "1,2";
			};
			name = Release;
		};
/* End XCBuildConfiguration section */

/* Begin XCConfigurationList section */
		28B42B27224F3E2200845EA3 /* Build configuration list for PBXProject "DataDigesterExample" */ = {
			isa = XCConfigurationList;
			buildConfigurations = (
				28B42B3C224F3E2200845EA3 /* Debug */,
				28B42B3D224F3E2200845EA3 /* Release */,
			);
			defaultConfigurationIsVisible = 0;
			defaultConfigurationName = Release;
		};
		28B42B3E224F3E2200845EA3 /* Build configuration list for PBXNativeTarget "DataDigesterExample" */ = {
			isa = XCConfigurationList;
			buildConfigurations = (
				28B42B3F224F3E2200845EA3 /* Debug */,
				28B42B40224F3E2200845EA3 /* Release */,
			);
			defaultConfigurationIsVisible = 0;
			defaultConfigurationName = Release;
		};
/* End XCConfigurationList section */
	};
	rootObject = 28B42B24224F3E2200845EA3 /* Project object */;
}
