// !$*UTF8*$!
{
	archiveVersion = 1;
	classes = {
	};
	objectVersion = 51;
	objects = {

/* Begin PBXBuildFile section */
		288391D0224DAC2C00FB0209 /* AppDelegate.swift in Sources */ = {isa = PBXBuildFile; fileRef = 288391CF224DAC2C00FB0209 /* AppDelegate.swift */; };
		288391D2224DAC2C00FB0209 /* ViewController.swift in Sources */ = {isa = PBXBuildFile; fileRef = 288391D1224DAC2C00FB0209 /* ViewController.swift */; };
		288391D5224DAC2C00FB0209 /* Main.storyboard in Resources */ = {isa = PBXBuildFile; fileRef = 288391D3224DAC2C00FB0209 /* Main.storyboard */; };
		288391D7224DAC2D00FB0209 /* Assets.xcassets in Resources */ = {isa = PBXBuildFile; fileRef = 288391D6224DAC2D00FB0209 /* Assets.xcassets */; };
		288391DA224DAC2D00FB0209 /* LaunchScreen.storyboard in Resources */ = {isa = PBXBuildFile; fileRef = 288391D8224DAC2D00FB0209 /* LaunchScreen.storyboard */; };
		ADAAE36CFC01E522E2F543C2 /* Pods_ContentStatusExample.framework in Frameworks */ = {isa = PBXBuildFile; fileRef = 2B5DBE5C5B8B9E4DCF4F3F72 /* Pods_ContentStatusExample.framework */; };
/* End PBXBuildFile section */

/* Begin PBXFileReference section */
		288391CC224DAC2C00FB0209 /* ContentStatusExample.app */ = {isa = PBXFileReference; explicitFileType = wrapper.application; includeInIndex = 0; path = ContentStatusExample.app; sourceTree = BUILT_PRODUCTS_DIR; };
		288391CF224DAC2C00FB0209 /* AppDelegate.swift */ = {isa = PBXFileReference; lastKnownFileType = sourcecode.swift; path = AppDelegate.swift; sourceTree = "<group>"; };
		288391D1224DAC2C00FB0209 /* ViewController.swift */ = {isa = PBXFileReference; lastKnownFileType = sourcecode.swift; path = ViewController.swift; sourceTree = "<group>"; };
		288391D4224DAC2C00FB0209 /* Base */ = {isa = PBXFileReference; lastKnownFileType = file.storyboard; name = Base; path = Base.lproj/Main.storyboard; sourceTree = "<group>"; };
		288391D6224DAC2D00FB0209 /* Assets.xcassets */ = {isa = PBXFileReference; lastKnownFileType = folder.assetcatalog; path = Assets.xcassets; sourceTree = "<group>"; };
		288391D9224DAC2D00FB0209 /* Base */ = {isa = PBXFileReference; lastKnownFileType = file.storyboard; name = Base; path = Base.lproj/LaunchScreen.storyboard; sourceTree = "<group>"; };
		288391DB224DAC2D00FB0209 /* Info.plist */ = {isa = PBXFileReference; lastKnownFileType = text.plist.xml; path = Info.plist; sourceTree = "<group>"; };
		2B5DBE5C5B8B9E4DCF4F3F72 /* Pods_ContentStatusExample.framework */ = {isa = PBXFileReference; explicitFileType = wrapper.framework; includeInIndex = 0; path = Pods_ContentStatusExample.framework; sourceTree = BUILT_PRODUCTS_DIR; };
		6F1A0A34AEEE3B5670685E53 /* Pods-ContentStatusExample.debug.xcconfig */ = {isa = PBXFileReference; includeInIndex = 1; lastKnownFileType = text.xcconfig; name = "Pods-ContentStatusExample.debug.xcconfig"; path = "../../ContentStatusExample/Pods/Pods/Target Support Files/Pods-ContentStatusExample/Pods-ContentStatusExample.debug.xcconfig"; sourceTree = "<group>"; };
		D8CBB73D18B34E98C3EE9BFA /* Pods-ContentStatusExample.release.xcconfig */ = {isa = PBXFileReference; includeInIndex = 1; lastKnownFileType = text.xcconfig; name = "Pods-ContentStatusExample.release.xcconfig"; path = "../../ContentStatusExample/Pods/Pods/Target Support Files/Pods-ContentStatusExample/Pods-ContentStatusExample.release.xcconfig"; sourceTree = "<group>"; };
/* End PBXFileReference section */

/* Begin PBXFrameworksBuildPhase section */
		288391C9224DAC2C00FB0209 /* Frameworks */ = {
			isa = PBXFrameworksBuildPhase;
			buildActionMask = 2147483647;
			files = (
				ADAAE36CFC01E522E2F543C2 /* Pods_ContentStatusExample.framework in Frameworks */,
			);
			runOnlyForDeploymentPostprocessing = 0;
		};
/* End PBXFrameworksBuildPhase section */

/* Begin PBXGroup section */
		288391C3224DAC2C00FB0209 = {
			isa = PBXGroup;
			children = (
				288391CE224DAC2C00FB0209 /* ContentStatusExample */,
				288391CD224DAC2C00FB0209 /* Products */,
				9ECE3F17FF00AE7D7DBA07B1 /* Pods */,
				92DC91E7DC4EF29CA925574B /* Frameworks */,
			);
			sourceTree = "<group>";
		};
		288391CD224DAC2C00FB0209 /* Products */ = {
			isa = PBXGroup;
			children = (
				288391CC224DAC2C00FB0209 /* ContentStatusExample.app */,
			);
			name = Products;
			sourceTree = "<group>";
		};
		288391CE224DAC2C00FB0209 /* ContentStatusExample */ = {
			isa = PBXGroup;
			children = (
				288391CF224DAC2C00FB0209 /* AppDelegate.swift */,
				288391D1224DAC2C00FB0209 /* ViewController.swift */,
				288391D3224DAC2C00FB0209 /* Main.storyboard */,
				288391D6224DAC2D00FB0209 /* Assets.xcassets */,
				288391D8224DAC2D00FB0209 /* LaunchScreen.storyboard */,
				288391DB224DAC2D00FB0209 /* Info.plist */,
			);
			path = ContentStatusExample;
			sourceTree = "<group>";
		};
		92DC91E7DC4EF29CA925574B /* Frameworks */ = {
			isa = PBXGroup;
			children = (
				2B5DBE5C5B8B9E4DCF4F3F72 /* Pods_ContentStatusExample.framework */,
			);
			name = Frameworks;
			sourceTree = "<group>";
		};
		9ECE3F17FF00AE7D7DBA07B1 /* Pods */ = {
			isa = PBXGroup;
			children = (
				6F1A0A34AEEE3B5670685E53 /* Pods-ContentStatusExample.debug.xcconfig */,
				D8CBB73D18B34E98C3EE9BFA /* Pods-ContentStatusExample.release.xcconfig */,
			);
			name = Pods;
			path = ../../Pods/Pods;
			sourceTree = "<group>";
		};
/* End PBXGroup section */

/* Begin PBXNativeTarget section */
		288391CB224DAC2C00FB0209 /* ContentStatusExample */ = {
			isa = PBXNativeTarget;
			buildConfigurationList = 288391DE224DAC2D00FB0209 /* Build configuration list for PBXNativeTarget "ContentStatusExample" */;
			buildPhases = (
				57743A6F30722CE5AE1E457C /* [CP] Check Pods Manifest.lock */,
				288391C8224DAC2C00FB0209 /* Sources */,
				288391C9224DAC2C00FB0209 /* Frameworks */,
				288391CA224DAC2C00FB0209 /* Resources */,
				AAC324924F28551B0A62F935 /* [CP] Embed Pods Frameworks */,
			);
			buildRules = (
			);
			dependencies = (
			);
			name = ContentStatusExample;
			productName = ContentStatusExample;
			productReference = 288391CC224DAC2C00FB0209 /* ContentStatusExample.app */;
			productType = "com.apple.product-type.application";
		};
/* End PBXNativeTarget section */

/* Begin PBXProject section */
		288391C4224DAC2C00FB0209 /* Project object */ = {
			isa = PBXProject;
			attributes = {
				LastSwiftUpdateCheck = 1020;
				LastUpgradeCheck = 1020;
				ORGANIZATIONNAME = mlibai;
				TargetAttributes = {
					288391CB224DAC2C00FB0209 = {
						CreatedOnToolsVersion = 10.2;
					};
				};
			};
			buildConfigurationList = 288391C7224DAC2C00FB0209 /* Build configuration list for PBXProject "ContentStatusExample" */;
			compatibilityVersion = "Xcode 9.3";
			developmentRegion = en;
			hasScannedForEncodings = 0;
			knownRegions = (
				en,
				Base,
			);
			mainGroup = 288391C3224DAC2C00FB0209;
			productRefGroup = 288391CD224DAC2C00FB0209 /* Products */;
			projectDirPath = "";
			projectRoot = "";
			targets = (
				288391CB224DAC2C00FB0209 /* ContentStatusExample */,
			);
		};
/* End PBXProject section */

/* Begin PBXResourcesBuildPhase section */
		288391CA224DAC2C00FB0209 /* Resources */ = {
			isa = PBXResourcesBuildPhase;
			buildActionMask = 2147483647;
			files = (
				288391DA224DAC2D00FB0209 /* LaunchScreen.storyboard in Resources */,
				288391D7224DAC2D00FB0209 /* Assets.xcassets in Resources */,
				288391D5224DAC2C00FB0209 /* Main.storyboard in Resources */,
			);
			runOnlyForDeploymentPostprocessing = 0;
		};
/* End PBXResourcesBuildPhase section */

/* Begin PBXShellScriptBuildPhase section */
		57743A6F30722CE5AE1E457C /* [CP] Check Pods Manifest.lock */ = {
			isa = PBXShellScriptBuildPhase;
			buildActionMask = 2147483647;
			files = (
			);
			inputFileListPaths = (
			);
			inputPaths = (
				"${PODS_PODFILE_DIR_PATH}/Podfile.lock",
				"${PODS_ROOT}/Manifest.lock",
			);
			name = "[CP] Check Pods Manifest.lock";
			outputFileListPaths = (
			);
			outputPaths = (
				"$(DERIVED_FILE_DIR)/Pods-ContentStatusExample-checkManifestLockResult.txt",
			);
			runOnlyForDeploymentPostprocessing = 0;
			shellPath = /bin/sh;
			shellScript = "diff \"${PODS_PODFILE_DIR_PATH}/Podfile.lock\" \"${PODS_ROOT}/Manifest.lock\" > /dev/null\nif [ $? != 0 ] ; then\n    # print error to STDERR\n    echo \"error: The sandbox is not in sync with the Podfile.lock. Run 'pod install' or update your CocoaPods installation.\" >&2\n    exit 1\nfi\n# This output is used by Xcode 'outputs' to avoid re-running this script phase.\necho \"SUCCESS\" > \"${SCRIPT_OUTPUT_FILE_0}\"\n";
			showEnvVarsInLog = 0;
		};
		AAC324924F28551B0A62F935 /* [CP] Embed Pods Frameworks */ = {
			isa = PBXShellScriptBuildPhase;
			buildActionMask = 2147483647;
			files = (
			);
			inputFileListPaths = (
				"${PODS_ROOT}/Target Support Files/Pods-ContentStatusExample/Pods-ContentStatusExample-frameworks-${CONFIGURATION}-input-files.xcfilelist",
			);
			name = "[CP] Embed Pods Frameworks";
			outputFileListPaths = (
				"${PODS_ROOT}/Target Support Files/Pods-ContentStatusExample/Pods-ContentStatusExample-frameworks-${CONFIGURATION}-output-files.xcfilelist",
			);
			runOnlyForDeploymentPostprocessing = 0;
			shellPath = /bin/sh;
			shellScript = "\"${PODS_ROOT}/Target Support Files/Pods-ContentStatusExample/Pods-ContentStatusExample-frameworks.sh\"\n";
			showEnvVarsInLog = 0;
		};
/* End PBXShellScriptBuildPhase section */

/* Begin PBXSourcesBuildPhase section */
		288391C8224DAC2C00FB0209 /* Sources */ = {
			isa = PBXSourcesBuildPhase;
			buildActionMask = 2147483647;
			files = (
				288391D2224DAC2C00FB0209 /* ViewController.swift in Sources */,
				288391D0224DAC2C00FB0209 /* AppDelegate.swift in Sources */,
			);
			runOnlyForDeploymentPostprocessing = 0;
		};
/* End PBXSourcesBuildPhase section */

/* Begin PBXVariantGroup section */
		288391D3224DAC2C00FB0209 /* Main.storyboard */ = {
			isa = PBXVariantGroup;
			children = (
				288391D4224DAC2C00FB0209 /* Base */,
			);
			name = Main.storyboard;
			sourceTree = "<group>";
		};
		288391D8224DAC2D00FB0209 /* LaunchScreen.storyboard */ = {
			isa = PBXVariantGroup;
			children = (
				288391D9224DAC2D00FB0209 /* Base */,
			);
			name = LaunchScreen.storyboard;
			sourceTree = "<group>";
		};
/* End PBXVariantGroup section */

/* Begin XCBuildConfiguration section */
		288391DC224DAC2D00FB0209 /* Debug */ = {
			isa = XCBuildConfiguration;
			buildSettings = {
				ALWAYS_SEARCH_USER_PATHS = NO;
				CLANG_ANALYZER_NONNULL = YES;
				CLANG_ANALYZER_NUMBER_OBJECT_CONVERSION = YES_AGGRESSIVE;
				CLANG_CXX_LANGUAGE_STANDARD = "gnu++14";
				CLANG_CXX_LIBRARY = "libc++";
				CLANG_ENABLE_MODULES = YES;
				CLANG_ENABLE_OBJC_ARC = YES;
				CLANG_ENABLE_OBJC_WEAK = YES;
				CLANG_WARN_BLOCK_CAPTURE_AUTORELEASING = YES;
				CLANG_WARN_BOOL_CONVERSION = YES;
				CLANG_WARN_COMMA = YES;
				CLANG_WARN_CONSTANT_CONVERSION = YES;
				CLANG_WARN_DEPRECATED_OBJC_IMPLEMENTATIONS = YES;
				CLANG_WARN_DIRECT_OBJC_ISA_USAGE = YES_ERROR;
				CLANG_WARN_DOCUMENTATION_COMMENTS = YES;
				CLANG_WARN_EMPTY_BODY = YES;
				CLANG_WARN_ENUM_CONVERSION = YES;
				CLANG_WARN_INFINITE_RECURSION = YES;
				CLANG_WARN_INT_CONVERSION = YES;
				CLANG_WARN_NON_LITERAL_NULL_CONVERSION = YES;
				CLANG_WARN_OBJC_IMPLICIT_RETAIN_SELF = YES;
				CLANG_WARN_OBJC_LITERAL_CONVERSION = YES;
				CLANG_WARN_OBJC_ROOT_CLASS = YES_ERROR;
				CLANG_WARN_RANGE_LOOP_ANALYSIS = YES;
				CLANG_WARN_STRICT_PROTOTYPES = YES;
				CLANG_WARN_SUSPICIOUS_MOVE = YES;
				CLANG_WARN_UNGUARDED_AVAILABILITY = YES_AGGRESSIVE;
				CLANG_WARN_UNREACHABLE_CODE = YES;
				CLANG_WARN__DUPLICATE_METHOD_MATCH = YES;
				CODE_SIGN_IDENTITY = "iPhone Developer";
				COPY_PHASE_STRIP = NO;
				DEBUG_INFORMATION_FORMAT = dwarf;
				ENABLE_STRICT_OBJC_MSGSEND = YES;
				ENABLE_TESTABILITY = YES;
				GCC_C_LANGUAGE_STANDARD = gnu11;
				GCC_DYNAMIC_NO_PIC = NO;
				GCC_NO_COMMON_BLOCKS = YES;
				GCC_OPTIMIZATION_LEVEL = 0;
				GCC_PREPROCESSOR_DEFINITIONS = (
					"DEBUG=1",
					"$(inherited)",
				);
				GCC_WARN_64_TO_32_BIT_CONVERSION = YES;
				GCC_WARN_ABOUT_RETURN_TYPE = YES_ERROR;
				GCC_WARN_UNDECLARED_SELECTOR = YES;
				GCC_WARN_UNINITIALIZED_AUTOS = YES_AGGRESSIVE;
				GCC_WARN_UNUSED_FUNCTION = YES;
				GCC_WARN_UNUSED_VARIABLE = YES;
				IPHONEOS_DEPLOYMENT_TARGET = 12.2;
				MTL_ENABLE_DEBUG_INFO = INCLUDE_SOURCE;
				MTL_FAST_MATH = YES;
				ONLY_ACTIVE_ARCH = YES;
				SDKROOT = iphoneos;
				SWIFT_ACTIVE_COMPILATION_CONDITIONS = DEBUG;
				SWIFT_OPTIMIZATION_LEVEL = "-Onone";
			};
			name = Debug;
		};
		288391DD224DAC2D00FB0209 /* Release */ = {
			isa = XCBuildConfiguration;
			buildSettings = {
				ALWAYS_SEARCH_USER_PATHS = NO;
				CLANG_ANALYZER_NONNULL = YES;
				CLANG_ANALYZER_NUMBER_OBJECT_CONVERSION = YES_AGGRESSIVE;
				CLANG_CXX_LANGUAGE_STANDARD = "gnu++14";
				CLANG_CXX_LIBRARY = "libc++";
				CLANG_ENABLE_MODULES = YES;
				CLANG_ENABLE_OBJC_ARC = YES;
				CLANG_ENABLE_OBJC_WEAK = YES;
				CLANG_WARN_BLOCK_CAPTURE_AUTORELEASING = YES;
				CLANG_WARN_BOOL_CONVERSION = YES;
				CLANG_WARN_COMMA = YES;
				CLANG_WARN_CONSTANT_CONVERSION = YES;
				CLANG_WARN_DEPRECATED_OBJC_IMPLEMENTATIONS = YES;
				CLANG_WARN_DIRECT_OBJC_ISA_USAGE = YES_ERROR;
				CLANG_WARN_DOCUMENTATION_COMMENTS = YES;
				CLANG_WARN_EMPTY_BODY = YES;
				CLANG_WARN_ENUM_CONVERSION = YES;
				CLANG_WARN_INFINITE_RECURSION = YES;
				CLANG_WARN_INT_CONVERSION = YES;
				CLANG_WARN_NON_LITERAL_NULL_CONVERSION = YES;
				CLANG_WARN_OBJC_IMPLICIT_RETAIN_SELF = YES;
				CLANG_WARN_OBJC_LITERAL_CONVERSION = YES;
				CLANG_WARN_OBJC_ROOT_CLASS = YES_ERROR;
				CLANG_WARN_RANGE_LOOP_ANALYSIS = YES;
				CLANG_WARN_STRICT_PROTOTYPES = YES;
				CLANG_WARN_SUSPICIOUS_MOVE = YES;
				CLANG_WARN_UNGUARDED_AVAILABILITY = YES_AGGRESSIVE;
				CLANG_WARN_UNREACHABLE_CODE = YES;
				CLANG_WARN__DUPLICATE_METHOD_MATCH = YES;
				CODE_SIGN_IDENTITY = "iPhone Developer";
				COPY_PHASE_STRIP = NO;
				DEBUG_INFORMATION_FORMAT = "dwarf-with-dsym";
				ENABLE_NS_ASSERTIONS = NO;
				ENABLE_STRICT_OBJC_MSGSEND = YES;
				GCC_C_LANGUAGE_STANDARD = gnu11;
				GCC_NO_COMMON_BLOCKS = YES;
				GCC_WARN_64_TO_32_BIT_CONVERSION = YES;
				GCC_WARN_ABOUT_RETURN_TYPE = YES_ERROR;
				GCC_WARN_UNDECLARED_SELECTOR = YES;
				GCC_WARN_UNINITIALIZED_AUTOS = YES_AGGRESSIVE;
				GCC_WARN_UNUSED_FUNCTION = YES;
				GCC_WARN_UNUSED_VARIABLE = YES;
				IPHONEOS_DEPLOYMENT_TARGET = 12.2;
				MTL_ENABLE_DEBUG_INFO = NO;
				MTL_FAST_MATH = YES;
				SDKROOT = iphoneos;
				SWIFT_COMPILATION_MODE = wholemodule;
				SWIFT_OPTIMIZATION_LEVEL = "-O";
				VALIDATE_PRODUCT = YES;
			};
			name = Release;
		};
		288391DF224DAC2D00FB0209 /* Debug */ = {
			isa = XCBuildConfiguration;
			baseConfigurationReference = 6F1A0A34AEEE3B5670685E53 /* Pods-ContentStatusExample.debug.xcconfig */;
			buildSettings = {
				ASSETCATALOG_COMPILER_APPICON_NAME = AppIcon;
				CODE_SIGN_STYLE = Manual;
				DEVELOPMENT_TEAM = "";
				INFOPLIST_FILE = ContentStatusExample/Info.plist;
				IPHONEOS_DEPLOYMENT_TARGET = 8.0;
				LD_RUNPATH_SEARCH_PATHS = (
					"$(inherited)",
					"@executable_path/Frameworks",
				);
				PRODUCT_BUNDLE_IDENTIFIER = com.mlibai.example.ContentStatus;
				PRODUCT_NAME = "$(TARGET_NAME)";
				PROVISIONING_PROFILE_SPECIFIER = "";
				SWIFT_VERSION = 5.0;
				TARGETED_DEVICE_FAMILY = "1,2";
			};
			name = Debug;
		};
		288391E0224DAC2D00FB0209 /* Release */ = {
			isa = XCBuildConfiguration;
			baseConfigurationReference = D8CBB73D18B34E98C3EE9BFA /* Pods-ContentStatusExample.release.xcconfig */;
			buildSettings = {
				ASSETCATALOG_COMPILER_APPICON_NAME = AppIcon;
				CODE_SIGN_STYLE = Manual;
				DEVELOPMENT_TEAM = "";
				INFOPLIST_FILE = ContentStatusExample/Info.plist;
				IPHONEOS_DEPLOYMENT_TARGET = 8.0;
				LD_RUNPATH_SEARCH_PATHS = (
					"$(inherited)",
					"@executable_path/Frameworks",
				);
				PRODUCT_BUNDLE_IDENTIFIER = com.mlibai.example.ContentStatus;
				PRODUCT_NAME = "$(TARGET_NAME)";
				PROVISIONING_PROFILE_SPECIFIER = "";
				SWIFT_VERSION = 5.0;
				TARGETED_DEVICE_FAMILY = "1,2";
			};
			name = Release;
		};
/* End XCBuildConfiguration section */

/* Begin XCConfigurationList section */
		288391C7224DAC2C00FB0209 /* Build configuration list for PBXProject "ContentStatusExample" */ = {
			isa = XCConfigurationList;
			buildConfigurations = (
				288391DC224DAC2D00FB0209 /* Debug */,
				288391DD224DAC2D00FB0209 /* Release */,
			);
			defaultConfigurationIsVisible = 0;
			defaultConfigurationName = Release;
		};
		288391DE224DAC2D00FB0209 /* Build configuration list for PBXNativeTarget "ContentStatusExample" */ = {
			isa = XCConfigurationList;
			buildConfigurations = (
				288391DF224DAC2D00FB0209 /* Debug */,
				288391E0224DAC2D00FB0209 /* Release */,
			);
			defaultConfigurationIsVisible = 0;
			defaultConfigurationName = Release;
		};
/* End XCConfigurationList section */
	};
	rootObject = 288391C4224DAC2C00FB0209 /* Project object */;
}
