// !$*UTF8*$!
{
	archiveVersion = 1;
	classes = {
	};
	objectVersion = 51;
	objects = {

/* Begin PBXBuildFile section */
		28C066B3224F9EFD0011F052 /* AppDelegate.swift in Sources */ = {isa = PBXBuildFile; fileRef = 28C066B2224F9EFD0011F052 /* AppDelegate.swift */; };
		28C066B5224F9EFD0011F052 /* ViewController.swift in Sources */ = {isa = PBXBuildFile; fileRef = 28C066B4224F9EFD0011F052 /* ViewController.swift */; };
		28C066B8224F9EFD0011F052 /* Main.storyboard in Resources */ = {isa = PBXBuildFile; fileRef = 28C066B6224F9EFD0011F052 /* Main.storyboard */; };
		28C066BA224F9EFE0011F052 /* Assets.xcassets in Resources */ = {isa = PBXBuildFile; fileRef = 28C066B9224F9EFE0011F052 /* Assets.xcassets */; };
		28C066BD224F9EFE0011F052 /* LaunchScreen.storyboard in Resources */ = {isa = PBXBuildFile; fileRef = 28C066BB224F9EFE0011F052 /* LaunchScreen.storyboard */; };
		BA7322E64450FBDF054C8FE6 /* Pods_XZKitExamples_FoundationExample.framework in Frameworks */ = {isa = PBXBuildFile; fileRef = 827EDECF19E9205995162628 /* Pods_XZKitExamples_FoundationExample.framework */; };
/* End PBXBuildFile section */

/* Begin PBXFileReference section */
		28C066AF224F9EFD0011F052 /* FoundationExample.app */ = {isa = PBXFileReference; explicitFileType = wrapper.application; includeInIndex = 0; path = FoundationExample.app; sourceTree = BUILT_PRODUCTS_DIR; };
		28C066B2224F9EFD0011F052 /* AppDelegate.swift */ = {isa = PBXFileReference; lastKnownFileType = sourcecode.swift; path = AppDelegate.swift; sourceTree = "<group>"; };
		28C066B4224F9EFD0011F052 /* ViewController.swift */ = {isa = PBXFileReference; lastKnownFileType = sourcecode.swift; path = ViewController.swift; sourceTree = "<group>"; };
		28C066B7224F9EFD0011F052 /* Base */ = {isa = PBXFileReference; lastKnownFileType = file.storyboard; name = Base; path = Base.lproj/Main.storyboard; sourceTree = "<group>"; };
		28C066B9224F9EFE0011F052 /* Assets.xcassets */ = {isa = PBXFileReference; lastKnownFileType = folder.assetcatalog; path = Assets.xcassets; sourceTree = "<group>"; };
		28C066BC224F9EFE0011F052 /* Base */ = {isa = PBXFileReference; lastKnownFileType = file.storyboard; name = Base; path = Base.lproj/LaunchScreen.storyboard; sourceTree = "<group>"; };
		28C066BE224F9EFE0011F052 /* Info.plist */ = {isa = PBXFileReference; lastKnownFileType = text.plist.xml; path = Info.plist; sourceTree = "<group>"; };
		827EDECF19E9205995162628 /* Pods_XZKitExamples_FoundationExample.framework */ = {isa = PBXFileReference; explicitFileType = wrapper.framework; includeInIndex = 0; path = Pods_XZKitExamples_FoundationExample.framework; sourceTree = BUILT_PRODUCTS_DIR; };
/* End PBXFileReference section */

/* Begin PBXFrameworksBuildPhase section */
		28C066AC224F9EFD0011F052 /* Frameworks */ = {
			isa = PBXFrameworksBuildPhase;
			buildActionMask = 2147483647;
			files = (
				BA7322E64450FBDF054C8FE6 /* Pods_XZKitExamples_FoundationExample.framework in Frameworks */,
			);
			runOnlyForDeploymentPostprocessing = 0;
		};
/* End PBXFrameworksBuildPhase section */

/* Begin PBXGroup section */
		212BABC7DB3808D4B712DA0C /* Frameworks */ = {
			isa = PBXGroup;
			children = (
				827EDECF19E9205995162628 /* Pods_XZKitExamples_FoundationExample.framework */,
			);
			name = Frameworks;
			sourceTree = "<group>";
		};
		28C066A6224F9EFD0011F052 = {
			isa = PBXGroup;
			children = (
				28C066B1224F9EFD0011F052 /* FoundationExample */,
				28C066B0224F9EFD0011F052 /* Products */,
				62C2D400C015979B42FCDBBB /* Pods */,
				212BABC7DB3808D4B712DA0C /* Frameworks */,
			);
			sourceTree = "<group>";
		};
		28C066B0224F9EFD0011F052 /* Products */ = {
			isa = PBXGroup;
			children = (
				28C066AF224F9EFD0011F052 /* FoundationExample.app */,
			);
			name = Products;
			sourceTree = "<group>";
		};
		28C066B1224F9EFD0011F052 /* FoundationExample */ = {
			isa = PBXGroup;
			children = (
				28C066B2224F9EFD0011F052 /* AppDelegate.swift */,
				28C066B4224F9EFD0011F052 /* ViewController.swift */,
				28C066B6224F9EFD0011F052 /* Main.storyboard */,
				28C066B9224F9EFE0011F052 /* Assets.xcassets */,
				28C066BB224F9EFE0011F052 /* LaunchScreen.storyboard */,
				28C066BE224F9EFE0011F052 /* Info.plist */,
			);
			path = FoundationExample;
			sourceTree = "<group>";
		};
		62C2D400C015979B42FCDBBB /* Pods */ = {
			isa = PBXGroup;
			children = (
			);
			name = Pods;
			path = ../../Pods/Pods;
			sourceTree = "<group>";
		};
/* End PBXGroup section */

/* Begin PBXNativeTarget section */
		28C066AE224F9EFD0011F052 /* FoundationExample */ = {
			isa = PBXNativeTarget;
			buildConfigurationList = 28C066C1224F9EFE0011F052 /* Build configuration list for PBXNativeTarget "FoundationExample" */;
			buildPhases = (
				5CF9FA7F7D4BF5DC0BE84E7F /* [CP] Check Pods Manifest.lock */,
				28C066AB224F9EFD0011F052 /* Sources */,
				28C066AC224F9EFD0011F052 /* Frameworks */,
				28C066AD224F9EFD0011F052 /* Resources */,
				212E4A7D6DFEB831DED26C7C /* [CP] Embed Pods Frameworks */,
			);
			buildRules = (
			);
			dependencies = (
			);
			name = FoundationExample;
			productName = FoundationExample;
			productReference = 28C066AF224F9EFD0011F052 /* FoundationExample.app */;
			productType = "com.apple.product-type.application";
		};
/* End PBXNativeTarget section */

/* Begin PBXProject section */
		28C066A7224F9EFD0011F052 /* Project object */ = {
			isa = PBXProject;
			attributes = {
				LastSwiftUpdateCheck = 1020;
				LastUpgradeCheck = 1020;
				ORGANIZATIONNAME = mlibai;
				TargetAttributes = {
					28C066AE224F9EFD0011F052 = {
						CreatedOnToolsVersion = 10.2;
					};
				};
			};
			buildConfigurationList = 28C066AA224F9EFD0011F052 /* Build configuration list for PBXProject "FoundationExample" */;
			compatibilityVersion = "Xcode 9.3";
			developmentRegion = en;
			hasScannedForEncodings = 0;
			knownRegions = (
				en,
				Base,
			);
			mainGroup = 28C066A6224F9EFD0011F052;
			productRefGroup = 28C066B0224F9EFD0011F052 /* Products */;
			projectDirPath = "";
			projectRoot = "";
			targets = (
				28C066AE224F9EFD0011F052 /* FoundationExample */,
			);
		};
/* End PBXProject section */

/* Begin PBXResourcesBuildPhase section */
		28C066AD224F9EFD0011F052 /* Resources */ = {
			isa = PBXResourcesBuildPhase;
			buildActionMask = 2147483647;
			files = (
				28C066BD224F9EFE0011F052 /* LaunchScreen.storyboard in Resources */,
				28C066BA224F9EFE0011F052 /* Assets.xcassets in Resources */,
				28C066B8224F9EFD0011F052 /* Main.storyboard in Resources */,
			);
			runOnlyForDeploymentPostprocessing = 0;
		};
/* End PBXResourcesBuildPhase section */

/* Begin PBXShellScriptBuildPhase section */
		212E4A7D6DFEB831DED26C7C /* [CP] Embed Pods Frameworks */ = {
			isa = PBXShellScriptBuildPhase;
			buildActionMask = 2147483647;
			files = (
			);
			inputFileListPaths = (
				"${PODS_ROOT}/Target Support Files/Pods-XZKitExamples-FoundationExample/Pods-XZKitExamples-FoundationExample-frameworks-${CONFIGURATION}-input-files.xcfilelist",
			);
			name = "[CP] Embed Pods Frameworks";
			outputFileListPaths = (
				"${PODS_ROOT}/Target Support Files/Pods-XZKitExamples-FoundationExample/Pods-XZKitExamples-FoundationExample-frameworks-${CONFIGURATION}-output-files.xcfilelist",
			);
			runOnlyForDeploymentPostprocessing = 0;
			shellPath = /bin/sh;
			shellScript = "\"${PODS_ROOT}/Target Support Files/Pods-XZKitExamples-FoundationExample/Pods-XZKitExamples-FoundationExample-frameworks.sh\"\n";
			showEnvVarsInLog = 0;
		};
		5CF9FA7F7D4BF5DC0BE84E7F /* [CP] Check Pods Manifest.lock */ = {
			isa = PBXShellScriptBuildPhase;
			buildActionMask = 2147483647;
			files = (
			);
			inputFileListPaths = (
			);
			inputPaths = (
				"${PODS_PODFILE_DIR_PATH}/Podfile.lock",
				"${PODS_ROOT}/Manifest.lock",
			);
			name = "[CP] Check Pods Manifest.lock";
			outputFileListPaths = (
			);
			outputPaths = (
				"$(DERIVED_FILE_DIR)/Pods-XZKitExamples-FoundationExample-checkManifestLockResult.txt",
			);
			runOnlyForDeploymentPostprocessing = 0;
			shellPath = /bin/sh;
			shellScript = "diff \"${PODS_PODFILE_DIR_PATH}/Podfile.lock\" \"${PODS_ROOT}/Manifest.lock\" > /dev/null\nif [ $? != 0 ] ; then\n    # print error to STDERR\n    echo \"error: The sandbox is not in sync with the Podfile.lock. Run 'pod install' or update your CocoaPods installation.\" >&2\n    exit 1\nfi\n# This output is used by Xcode 'outputs' to avoid re-running this script phase.\necho \"SUCCESS\" > \"${SCRIPT_OUTPUT_FILE_0}\"\n";
			showEnvVarsInLog = 0;
		};
/* End PBXShellScriptBuildPhase section */

/* Begin PBXSourcesBuildPhase section */
		28C066AB224F9EFD0011F052 /* Sources */ = {
			isa = PBXSourcesBuildPhase;
			buildActionMask = 2147483647;
			files = (
				28C066B5224F9EFD0011F052 /* ViewController.swift in Sources */,
				28C066B3224F9EFD0011F052 /* AppDelegate.swift in Sources */,
			);
			runOnlyForDeploymentPostprocessing = 0;
		};
/* End PBXSourcesBuildPhase section */

/* Begin PBXVariantGroup section */
		28C066B6224F9EFD0011F052 /* Main.storyboard */ = {
			isa = PBXVariantGroup;
			children = (
				28C066B7224F9EFD0011F052 /* Base */,
			);
			name = Main.storyboard;
			sourceTree = "<group>";
		};
		28C066BB224F9EFE0011F052 /* LaunchScreen.storyboard */ = {
			isa = PBXVariantGroup;
			children = (
				28C066BC224F9EFE0011F052 /* Base */,
			);
			name = LaunchScreen.storyboard;
			sourceTree = "<group>";
		};
/* End PBXVariantGroup section */

/* Begin XCBuildConfiguration section */
		28C066BF224F9EFE0011F052 /* Debug */ = {
			isa = XCBuildConfiguration;
			buildSettings = {
				ALWAYS_SEARCH_USER_PATHS = NO;
				CLANG_ANALYZER_NONNULL = YES;
				CLANG_ANALYZER_NUMBER_OBJECT_CONVERSION = YES_AGGRESSIVE;
				CLANG_CXX_LANGUAGE_STANDARD = "gnu++14";
				CLANG_CXX_LIBRARY = "libc++";
				CLANG_ENABLE_MODULES = YES;
				CLANG_ENABLE_OBJC_ARC = YES;
				CLANG_ENABLE_OBJC_WEAK = YES;
				CLANG_WARN_BLOCK_CAPTURE_AUTORELEASING = YES;
				CLANG_WARN_BOOL_CONVERSION = YES;
				CLANG_WARN_COMMA = YES;
				CLANG_WARN_CONSTANT_CONVERSION = YES;
				CLANG_WARN_DEPRECATED_OBJC_IMPLEMENTATIONS = YES;
				CLANG_WARN_DIRECT_OBJC_ISA_USAGE = YES_ERROR;
				CLANG_WARN_DOCUMENTATION_COMMENTS = YES;
				CLANG_WARN_EMPTY_BODY = YES;
				CLANG_WARN_ENUM_CONVERSION = YES;
				CLANG_WARN_INFINITE_RECURSION = YES;
				CLANG_WARN_INT_CONVERSION = YES;
				CLANG_WARN_NON_LITERAL_NULL_CONVERSION = YES;
				CLANG_WARN_OBJC_IMPLICIT_RETAIN_SELF = YES;
				CLANG_WARN_OBJC_LITERAL_CONVERSION = YES;
				CLANG_WARN_OBJC_ROOT_CLASS = YES_ERROR;
				CLANG_WARN_RANGE_LOOP_ANALYSIS = YES;
				CLANG_WARN_STRICT_PROTOTYPES = YES;
				CLANG_WARN_SUSPICIOUS_MOVE = YES;
				CLANG_WARN_UNGUARDED_AVAILABILITY = YES_AGGRESSIVE;
				CLANG_WARN_UNREACHABLE_CODE = YES;
				CLANG_WARN__DUPLICATE_METHOD_MATCH = YES;
				CODE_SIGN_IDENTITY = "iPhone Developer";
				COPY_PHASE_STRIP = NO;
				DEBUG_INFORMATION_FORMAT = dwarf;
				ENABLE_STRICT_OBJC_MSGSEND = YES;
				ENABLE_TESTABILITY = YES;
				GCC_C_LANGUAGE_STANDARD = gnu11;
				GCC_DYNAMIC_NO_PIC = NO;
				GCC_NO_COMMON_BLOCKS = YES;
				GCC_OPTIMIZATION_LEVEL = 0;
				GCC_PREPROCESSOR_DEFINITIONS = (
					"DEBUG=1",
					"$(inherited)",
				);
				GCC_WARN_64_TO_32_BIT_CONVERSION = YES;
				GCC_WARN_ABOUT_RETURN_TYPE = YES_ERROR;
				GCC_WARN_UNDECLARED_SELECTOR = YES;
				GCC_WARN_UNINITIALIZED_AUTOS = YES_AGGRESSIVE;
				GCC_WARN_UNUSED_FUNCTION = YES;
				GCC_WARN_UNUSED_VARIABLE = YES;
				IPHONEOS_DEPLOYMENT_TARGET = 12.2;
				MTL_ENABLE_DEBUG_INFO = INCLUDE_SOURCE;
				MTL_FAST_MATH = YES;
				ONLY_ACTIVE_ARCH = YES;
				SDKROOT = iphoneos;
				SWIFT_ACTIVE_COMPILATION_CONDITIONS = DEBUG;
				SWIFT_OPTIMIZATION_LEVEL = "-Onone";
			};
			name = Debug;
		};
		28C066C0224F9EFE0011F052 /* Release */ = {
			isa = XCBuildConfiguration;
			buildSettings = {
				ALWAYS_SEARCH_USER_PATHS = NO;
				CLANG_ANALYZER_NONNULL = YES;
				CLANG_ANALYZER_NUMBER_OBJECT_CONVERSION = YES_AGGRESSIVE;
				CLANG_CXX_LANGUAGE_STANDARD = "gnu++14";
				CLANG_CXX_LIBRARY = "libc++";
				CLANG_ENABLE_MODULES = YES;
				CLANG_ENABLE_OBJC_ARC = YES;
				CLANG_ENABLE_OBJC_WEAK = YES;
				CLANG_WARN_BLOCK_CAPTURE_AUTORELEASING = YES;
				CLANG_WARN_BOOL_CONVERSION = YES;
				CLANG_WARN_COMMA = YES;
				CLANG_WARN_CONSTANT_CONVERSION = YES;
				CLANG_WARN_DEPRECATED_OBJC_IMPLEMENTATIONS = YES;
				CLANG_WARN_DIRECT_OBJC_ISA_USAGE = YES_ERROR;
				CLANG_WARN_DOCUMENTATION_COMMENTS = YES;
				CLANG_WARN_EMPTY_BODY = YES;
				CLANG_WARN_ENUM_CONVERSION = YES;
				CLANG_WARN_INFINITE_RECURSION = YES;
				CLANG_WARN_INT_CONVERSION = YES;
				CLANG_WARN_NON_LITERAL_NULL_CONVERSION = YES;
				CLANG_WARN_OBJC_IMPLICIT_RETAIN_SELF = YES;
				CLANG_WARN_OBJC_LITERAL_CONVERSION = YES;
				CLANG_WARN_OBJC_ROOT_CLASS = YES_ERROR;
				CLANG_WARN_RANGE_LOOP_ANALYSIS = YES;
				CLANG_WARN_STRICT_PROTOTYPES = YES;
				CLANG_WARN_SUSPICIOUS_MOVE = YES;
				CLANG_WARN_UNGUARDED_AVAILABILITY = YES_AGGRESSIVE;
				CLANG_WARN_UNREACHABLE_CODE = YES;
				CLANG_WARN__DUPLICATE_METHOD_MATCH = YES;
				CODE_SIGN_IDENTITY = "iPhone Developer";
				COPY_PHASE_STRIP = NO;
				DEBUG_INFORMATION_FORMAT = "dwarf-with-dsym";
				ENABLE_NS_ASSERTIONS = NO;
				ENABLE_STRICT_OBJC_MSGSEND = YES;
				GCC_C_LANGUAGE_STANDARD = gnu11;
				GCC_NO_COMMON_BLOCKS = YES;
				GCC_WARN_64_TO_32_BIT_CONVERSION = YES;
				GCC_WARN_ABOUT_RETURN_TYPE = YES_ERROR;
				GCC_WARN_UNDECLARED_SELECTOR = YES;
				GCC_WARN_UNINITIALIZED_AUTOS = YES_AGGRESSIVE;
				GCC_WARN_UNUSED_FUNCTION = YES;
				GCC_WARN_UNUSED_VARIABLE = YES;
				IPHONEOS_DEPLOYMENT_TARGET = 12.2;
				MTL_ENABLE_DEBUG_INFO = NO;
				MTL_FAST_MATH = YES;
				SDKROOT = iphoneos;
				SWIFT_COMPILATION_MODE = wholemodule;
				SWIFT_OPTIMIZATION_LEVEL = "-O";
				VALIDATE_PRODUCT = YES;
			};
			name = Release;
		};
		28C066C2224F9EFE0011F052 /* Debug */ = {
			isa = XCBuildConfiguration;
			buildSettings = {
				ASSETCATALOG_COMPILER_APPICON_NAME = AppIcon;
				CODE_SIGN_STYLE = Automatic;
				INFOPLIST_FILE = FoundationExample/Info.plist;
				LD_RUNPATH_SEARCH_PATHS = (
					"$(inherited)",
					"@executable_path/Frameworks",
				);
				PRODUCT_BUNDLE_IDENTIFIER = com.mlibai.example.Foundation;
				PRODUCT_NAME = "$(TARGET_NAME)";
				SWIFT_VERSION = 5.0;
				TARGETED_DEVICE_FAMILY = "1,2";
			};
			name = Debug;
		};
		28C066C3224F9EFE0011F052 /* Release */ = {
			isa = XCBuildConfiguration;
			buildSettings = {
				ASSETCATALOG_COMPILER_APPICON_NAME = AppIcon;
				CODE_SIGN_STYLE = Automatic;
				INFOPLIST_FILE = FoundationExample/Info.plist;
				LD_RUNPATH_SEARCH_PATHS = (
					"$(inherited)",
					"@executable_path/Frameworks",
				);
				PRODUCT_BUNDLE_IDENTIFIER = com.mlibai.example.Foundation;
				PRODUCT_NAME = "$(TARGET_NAME)";
				SWIFT_VERSION = 5.0;
				TARGETED_DEVICE_FAMILY = "1,2";
			};
			name = Release;
		};
/* End XCBuildConfiguration section */

/* Begin XCConfigurationList section */
		28C066AA224F9EFD0011F052 /* Build configuration list for PBXProject "FoundationExample" */ = {
			isa = XCConfigurationList;
			buildConfigurations = (
				28C066BF224F9EFE0011F052 /* Debug */,
				28C066C0224F9EFE0011F052 /* Release */,
			);
			defaultConfigurationIsVisible = 0;
			defaultConfigurationName = Release;
		};
		28C066C1224F9EFE0011F052 /* Build configuration list for PBXNativeTarget "FoundationExample" */ = {
			isa = XCConfigurationList;
			buildConfigurations = (
				28C066C2224F9EFE0011F052 /* Debug */,
				28C066C3224F9EFE0011F052 /* Release */,
			);
			defaultConfigurationIsVisible = 0;
			defaultConfigurationName = Release;
		};
/* End XCConfigurationList section */
	};
	rootObject = 28C066A7224F9EFD0011F052 /* Project object */;
}
